// !$*UTF8*$!
{
	archiveVersion = 1;
	classes = {
	};
	objectVersion = 46;
	objects = {

/* Begin PBXBuildFile section */
		070C88B61B05227F005E7CDD /* LabelCell.swift in Sources */ = {isa = PBXBuildFile; fileRef = 070C88B51B05227E005E7CDD /* LabelCell.swift */; };
		070C88BB1B069C01005E7CDD /* Reachability.m in Sources */ = {isa = PBXBuildFile; fileRef = 070C88BA1B069C01005E7CDD /* Reachability.m */; };
		070DAA4D1AE8489C00E111F6 /* SDiPhoneVersion.m in Sources */ = {isa = PBXBuildFile; fileRef = 070DAA4C1AE8489C00E111F6 /* SDiPhoneVersion.m */; };
		070DAA4F1AE85D6900E111F6 /* SettingsViewController.swift in Sources */ = {isa = PBXBuildFile; fileRef = 070DAA4E1AE85D6900E111F6 /* SettingsViewController.swift */; };
		071338C31AFC7CF1002B07D3 /* libstdc++.6.0.9.dylib in Frameworks */ = {isa = PBXBuildFile; fileRef = 071338C21AFC7CF1002B07D3 /* libstdc++.6.0.9.dylib */; };
		071408741AEC9D660081F304 /* DatePickerView.swift in Sources */ = {isa = PBXBuildFile; fileRef = 071408731AEC9D660081F304 /* DatePickerView.swift */; };
		0714087B1AEE13FC0081F304 /* ProfileCell.swift in Sources */ = {isa = PBXBuildFile; fileRef = 0714087A1AEE13FC0081F304 /* ProfileCell.swift */; };
		071C90D21BE89214009126E5 /* DashboardNextEventCell.swift in Sources */ = {isa = PBXBuildFile; fileRef = 071C90D11BE89214009126E5 /* DashboardNextEventCell.swift */; };
		071F694F1A8C1A3D009A8380 /* Localizable.strings in Resources */ = {isa = PBXBuildFile; fileRef = 071F694E1A8C1A3D009A8380 /* Localizable.strings */; };
		072460E41BE1381700DAA4DB /* TwitterKit.framework in Frameworks */ = {isa = PBXBuildFile; fileRef = 072460E11BE1381700DAA4DB /* TwitterKit.framework */; };
		072460E51BE1381700DAA4DB /* TwitterKitResources.bundle in Resources */ = {isa = PBXBuildFile; fileRef = 072460E21BE1381700DAA4DB /* TwitterKitResources.bundle */; };
		072460E61BE1381700DAA4DB /* TwitterCore.framework in Frameworks */ = {isa = PBXBuildFile; fileRef = 072460E31BE1381700DAA4DB /* TwitterCore.framework */; };
		072463191A8BD3C400820834 /* AudioToolbox.framework in Frameworks */ = {isa = PBXBuildFile; fileRef = 072463181A8BD3C400820834 /* AudioToolbox.framework */; };
		0724631B1A8BD3D000820834 /* CFNetwork.framework in Frameworks */ = {isa = PBXBuildFile; fileRef = 0724631A1A8BD3D000820834 /* CFNetwork.framework */; };
		0724631D1A8BD3D800820834 /* CoreGraphics.framework in Frameworks */ = {isa = PBXBuildFile; fileRef = 0724631C1A8BD3D800820834 /* CoreGraphics.framework */; };
		0724631F1A8BD3E100820834 /* CoreLocation.framework in Frameworks */ = {isa = PBXBuildFile; fileRef = 0724631E1A8BD3E100820834 /* CoreLocation.framework */; };
		072463211A8BD3EB00820834 /* MobileCoreServices.framework in Frameworks */ = {isa = PBXBuildFile; fileRef = 072463201A8BD3EB00820834 /* MobileCoreServices.framework */; };
		072463231A8BD3F300820834 /* QuartzCore.framework in Frameworks */ = {isa = PBXBuildFile; fileRef = 072463221A8BD3F300820834 /* QuartzCore.framework */; };
		072463251A8BD3FA00820834 /* Security.framework in Frameworks */ = {isa = PBXBuildFile; fileRef = 072463241A8BD3FA00820834 /* Security.framework */; };
		072463271A8BD40300820834 /* StoreKit.framework in Frameworks */ = {isa = PBXBuildFile; fileRef = 072463261A8BD40300820834 /* StoreKit.framework */; };
		072463291A8BD40D00820834 /* SystemConfiguration.framework in Frameworks */ = {isa = PBXBuildFile; fileRef = 072463281A8BD40D00820834 /* SystemConfiguration.framework */; };
		0724632B1A8BD41900820834 /* libz.dylib in Frameworks */ = {isa = PBXBuildFile; fileRef = 0724632A1A8BD41900820834 /* libz.dylib */; };
		0724632D1A8BD42900820834 /* libsqlite3.dylib in Frameworks */ = {isa = PBXBuildFile; fileRef = 0724632C1A8BD42900820834 /* libsqlite3.dylib */; };
		0728365C1AD2F02000B158AC /* ProximaNova-Black.otf in Resources */ = {isa = PBXBuildFile; fileRef = 0728364B1AD2F02000B158AC /* ProximaNova-Black.otf */; };
		0728365D1AD2F02000B158AC /* ProximaNova-Bold.otf in Resources */ = {isa = PBXBuildFile; fileRef = 0728364C1AD2F02000B158AC /* ProximaNova-Bold.otf */; };
		0728365E1AD2F02000B158AC /* ProximaNova-BoldIt.otf in Resources */ = {isa = PBXBuildFile; fileRef = 0728364D1AD2F02000B158AC /* ProximaNova-BoldIt.otf */; };
		0728365F1AD2F02000B158AC /* ProximaNova-Extrabold.otf in Resources */ = {isa = PBXBuildFile; fileRef = 0728364E1AD2F02000B158AC /* ProximaNova-Extrabold.otf */; };
		072836601AD2F02000B158AC /* ProximaNova-Light.otf in Resources */ = {isa = PBXBuildFile; fileRef = 0728364F1AD2F02000B158AC /* ProximaNova-Light.otf */; };
		072836611AD2F02000B158AC /* ProximaNova-LightItalic.otf in Resources */ = {isa = PBXBuildFile; fileRef = 072836501AD2F02000B158AC /* ProximaNova-LightItalic.otf */; };
		072836621AD2F02000B158AC /* ProximaNova-RegItalic.otf in Resources */ = {isa = PBXBuildFile; fileRef = 072836511AD2F02000B158AC /* ProximaNova-RegItalic.otf */; };
		072836631AD2F02000B158AC /* ProximaNova-Regular.otf in Resources */ = {isa = PBXBuildFile; fileRef = 072836521AD2F02000B158AC /* ProximaNova-Regular.otf */; };
		072836641AD2F02000B158AC /* ProximaNova-RegularItalic.otf in Resources */ = {isa = PBXBuildFile; fileRef = 072836531AD2F02000B158AC /* ProximaNova-RegularItalic.otf */; };
		072836651AD2F02000B158AC /* ProximaNova-Semibold.otf in Resources */ = {isa = PBXBuildFile; fileRef = 072836541AD2F02000B158AC /* ProximaNova-Semibold.otf */; };
		072836661AD2F02000B158AC /* ProximaNova-SemiboldItalic.otf in Resources */ = {isa = PBXBuildFile; fileRef = 072836551AD2F02000B158AC /* ProximaNova-SemiboldItalic.otf */; };
		072836671AD2F02000B158AC /* ProximaNovaCond-Light.otf in Resources */ = {isa = PBXBuildFile; fileRef = 072836561AD2F02000B158AC /* ProximaNovaCond-Light.otf */; };
		072836681AD2F02000B158AC /* ProximaNovaCond-LightIt.otf in Resources */ = {isa = PBXBuildFile; fileRef = 072836571AD2F02000B158AC /* ProximaNovaCond-LightIt.otf */; };
		072836691AD2F02000B158AC /* ProximaNovaCond-Regular.otf in Resources */ = {isa = PBXBuildFile; fileRef = 072836581AD2F02000B158AC /* ProximaNovaCond-Regular.otf */; };
		0728366A1AD2F02000B158AC /* ProximaNovaCond-RegularIt.otf in Resources */ = {isa = PBXBuildFile; fileRef = 072836591AD2F02000B158AC /* ProximaNovaCond-RegularIt.otf */; };
		0728366B1AD2F02000B158AC /* ProximaNovaCond-Semibold.otf in Resources */ = {isa = PBXBuildFile; fileRef = 0728365A1AD2F02000B158AC /* ProximaNovaCond-Semibold.otf */; };
		0728366C1AD2F02000B158AC /* ProximaNovaCond-SemiboldIt.otf in Resources */ = {isa = PBXBuildFile; fileRef = 0728365B1AD2F02000B158AC /* ProximaNovaCond-SemiboldIt.otf */; };
		0728366E1AD2F1FC00B158AC /* UIFont+Invite.swift in Sources */ = {isa = PBXBuildFile; fileRef = 0728366D1AD2F1FC00B158AC /* UIFont+Invite.swift */; };
		072836761AD315BF00B158AC /* UIView+Invite.m in Sources */ = {isa = PBXBuildFile; fileRef = 072836751AD315BF00B158AC /* UIView+Invite.m */; };
		072D3D331BE875F6003C1E58 /* DashboardNeedsResponseCell.swift in Sources */ = {isa = PBXBuildFile; fileRef = 072D3D321BE875F6003C1E58 /* DashboardNeedsResponseCell.swift */; };
		073029ED1BB3954B00E2266E /* Reservation.swift in Sources */ = {isa = PBXBuildFile; fileRef = 073029EC1BB3954B00E2266E /* Reservation.swift */; };
		073273F31A892BFB007700B3 /* main.m in Sources */ = {isa = PBXBuildFile; fileRef = 073273F21A892BFB007700B3 /* main.m */; };
		073273F61A892BFB007700B3 /* AppDelegate.m in Sources */ = {isa = PBXBuildFile; fileRef = 073273F51A892BFB007700B3 /* AppDelegate.m */; };
		073273FC1A892BFB007700B3 /* LoginViewController.m in Sources */ = {isa = PBXBuildFile; fileRef = 073273FB1A892BFB007700B3 /* LoginViewController.m */; };
		073273FF1A892BFB007700B3 /* Main.storyboard in Resources */ = {isa = PBXBuildFile; fileRef = 073273FD1A892BFB007700B3 /* Main.storyboard */; };
		073274011A892BFB007700B3 /* Images.xcassets in Resources */ = {isa = PBXBuildFile; fileRef = 073274001A892BFB007700B3 /* Images.xcassets */; };
		073274041A892BFB007700B3 /* LaunchScreen.xib in Resources */ = {isa = PBXBuildFile; fileRef = 073274021A892BFB007700B3 /* LaunchScreen.xib */; };
		073274101A892BFB007700B3 /* InviteTests.m in Sources */ = {isa = PBXBuildFile; fileRef = 0732740F1A892BFB007700B3 /* InviteTests.m */; };
		073DA1291C062F2600410FDE /* MessageUI.framework in Frameworks */ = {isa = PBXBuildFile; fileRef = 073DA1281C062F2600410FDE /* MessageUI.framework */; };
		07409EF11C1B68D20015C47B /* iAd.framework in Frameworks */ = {isa = PBXBuildFile; fileRef = 07409EF01C1B68D20015C47B /* iAd.framework */; };
		0741BD921BA897EC0099282F /* FBSDKCoreKit.framework in Frameworks */ = {isa = PBXBuildFile; fileRef = 0741BD911BA897EC0099282F /* FBSDKCoreKit.framework */; };
		0741BD941BA898D00099282F /* FBSDKLoginKit.framework in Frameworks */ = {isa = PBXBuildFile; fileRef = 0741BD931BA898D00099282F /* FBSDKLoginKit.framework */; };
		0741BD991BA8A6B40099282F /* Bolts.framework in Frameworks */ = {isa = PBXBuildFile; fileRef = 0741BD951BA8A6B40099282F /* Bolts.framework */; };
		0741BD9A1BA8A6B40099282F /* Parse.framework in Frameworks */ = {isa = PBXBuildFile; fileRef = 0741BD961BA8A6B40099282F /* Parse.framework */; };
		0741BD9C1BA8A6B40099282F /* ParseUI.framework in Frameworks */ = {isa = PBXBuildFile; fileRef = 0741BD981BA8A6B40099282F /* ParseUI.framework */; };
		07426B2B1BE16D6900E25C0D /* AdCell.xib in Resources */ = {isa = PBXBuildFile; fileRef = 07426B2A1BE16D6900E25C0D /* AdCell.xib */; };
		07426B2D1BE32ACB00E25C0D /* AdCopyLabel.swift in Sources */ = {isa = PBXBuildFile; fileRef = 07426B2C1BE32ACB00E25C0D /* AdCopyLabel.swift */; };
		074437791AE025D0002A6C4D /* InviteesSectionViewController.m in Sources */ = {isa = PBXBuildFile; fileRef = 074437781AE025D0002A6C4D /* InviteesSectionViewController.m */; };
		0744377B1AE02A37002A6C4D /* InviteesCollectionCell.swift in Sources */ = {isa = PBXBuildFile; fileRef = 0744377A1AE02A37002A6C4D /* InviteesCollectionCell.swift */; };
		074AA5931A9C353C009DC152 /* LaunchViewController.m in Sources */ = {isa = PBXBuildFile; fileRef = 074AA5921A9C353C009DC152 /* LaunchViewController.m */; };
		074ABE931AE47ACE00C093C7 /* TimeframePickerViewController.swift in Sources */ = {isa = PBXBuildFile; fileRef = 074ABE921AE47ACE00C093C7 /* TimeframePickerViewController.swift */; };
		075249E61ACB397C00D279DA /* InviteTheme.swift in Sources */ = {isa = PBXBuildFile; fileRef = 075249E51ACB397C00D279DA /* InviteTheme.swift */; };
		0755CE491A8D22E500FF05B7 /* User.m in Sources */ = {isa = PBXBuildFile; fileRef = 0755CE481A8D22E500FF05B7 /* User.m */; };
		075D10841ADC859D00C86130 /* MKAnnotationView+WebCache.m in Sources */ = {isa = PBXBuildFile; fileRef = 075D10641ADC859D00C86130 /* MKAnnotationView+WebCache.m */; };
		075D10851ADC859D00C86130 /* NSData+ImageContentType.m in Sources */ = {isa = PBXBuildFile; fileRef = 075D10661ADC859D00C86130 /* NSData+ImageContentType.m */; };
		075D10861ADC859D00C86130 /* SDImageCache.m in Sources */ = {isa = PBXBuildFile; fileRef = 075D10681ADC859D00C86130 /* SDImageCache.m */; };
		075D10871ADC859D00C86130 /* SDWebImageCompat.m in Sources */ = {isa = PBXBuildFile; fileRef = 075D106A1ADC859D00C86130 /* SDWebImageCompat.m */; };
		075D10881ADC859D00C86130 /* SDWebImageDecoder.m in Sources */ = {isa = PBXBuildFile; fileRef = 075D106C1ADC859D00C86130 /* SDWebImageDecoder.m */; };
		075D10891ADC859D00C86130 /* SDWebImageDownloader.m in Sources */ = {isa = PBXBuildFile; fileRef = 075D106E1ADC859D00C86130 /* SDWebImageDownloader.m */; };
		075D108A1ADC859D00C86130 /* SDWebImageDownloaderOperation.m in Sources */ = {isa = PBXBuildFile; fileRef = 075D10701ADC859D00C86130 /* SDWebImageDownloaderOperation.m */; };
		075D108B1ADC859D00C86130 /* SDWebImageManager.m in Sources */ = {isa = PBXBuildFile; fileRef = 075D10721ADC859D00C86130 /* SDWebImageManager.m */; };
		075D108C1ADC859D00C86130 /* SDWebImagePrefetcher.m in Sources */ = {isa = PBXBuildFile; fileRef = 075D10751ADC859D00C86130 /* SDWebImagePrefetcher.m */; };
		075D108D1ADC859D00C86130 /* UIButton+WebCache.m in Sources */ = {isa = PBXBuildFile; fileRef = 075D10771ADC859D00C86130 /* UIButton+WebCache.m */; };
		075D108E1ADC859D00C86130 /* UIImage+GIF.m in Sources */ = {isa = PBXBuildFile; fileRef = 075D10791ADC859D00C86130 /* UIImage+GIF.m */; };
		075D108F1ADC859D00C86130 /* UIImage+MultiFormat.m in Sources */ = {isa = PBXBuildFile; fileRef = 075D107B1ADC859D00C86130 /* UIImage+MultiFormat.m */; };
		075D10901ADC859D00C86130 /* UIImage+WebP.m in Sources */ = {isa = PBXBuildFile; fileRef = 075D107D1ADC859D00C86130 /* UIImage+WebP.m */; };
		075D10911ADC859D00C86130 /* UIImageView+HighlightedWebCache.m in Sources */ = {isa = PBXBuildFile; fileRef = 075D107F1ADC859D00C86130 /* UIImageView+HighlightedWebCache.m */; };
		075D10921ADC859D00C86130 /* UIImageView+WebCache.m in Sources */ = {isa = PBXBuildFile; fileRef = 075D10811ADC859D00C86130 /* UIImageView+WebCache.m */; };
		075D10931ADC859D00C86130 /* UIView+WebCacheOperation.m in Sources */ = {isa = PBXBuildFile; fileRef = 075D10831ADC859D00C86130 /* UIView+WebCacheOperation.m */; };
		075E2FD61AF2D33E0089CFDC /* AddressBook.framework in Frameworks */ = {isa = PBXBuildFile; fileRef = 075E2FD51AF2D33E0089CFDC /* AddressBook.framework */; };
		07719E401BAFC11200A99E20 /* NumberedInputCell.swift in Sources */ = {isa = PBXBuildFile; fileRef = 07719E3F1BAFC11200A99E20 /* NumberedInputCell.swift */; };
		07719E421BB0834800A99E20 /* PaddingCell.swift in Sources */ = {isa = PBXBuildFile; fileRef = 07719E411BB0834800A99E20 /* PaddingCell.swift */; };
		07719E441BB2165800A99E20 /* ButtonCell.swift in Sources */ = {isa = PBXBuildFile; fileRef = 07719E431BB2165800A99E20 /* ButtonCell.swift */; };
		077811671AFF216F00D5DC4D /* ToggleCell.swift in Sources */ = {isa = PBXBuildFile; fileRef = 077811661AFF216F00D5DC4D /* ToggleCell.swift */; };
		077811691AFF237800D5DC4D /* UserDefaults.swift in Sources */ = {isa = PBXBuildFile; fileRef = 077811681AFF237800D5DC4D /* UserDefaults.swift */; };
		0778116B1B01382600D5DC4D /* TitleDateCell.swift in Sources */ = {isa = PBXBuildFile; fileRef = 0778116A1B01382600D5DC4D /* TitleDateCell.swift */; };
		0786EB7D1A8E70ED006FDCA6 /* Event.m in Sources */ = {isa = PBXBuildFile; fileRef = 0786EB7C1A8E70ED006FDCA6 /* Event.m */; };
		078924741AB36DCE005EE7FB /* MapKit.framework in Frameworks */ = {isa = PBXBuildFile; fileRef = 078924731AB36DCE005EE7FB /* MapKit.framework */; };
		078B35CE1BE02BC100ACDB5F /* Notification.swift in Sources */ = {isa = PBXBuildFile; fileRef = 078B35CD1BE02BC100ACDB5F /* Notification.swift */; };
		078B35D61BE0843000ACDB5F /* alert_43.mp3 in Resources */ = {isa = PBXBuildFile; fileRef = 078B35D41BE0843000ACDB5F /* alert_43.mp3 */; };
		078C0E151BCF11F800DA8915 /* Crashlytics.framework in Frameworks */ = {isa = PBXBuildFile; fileRef = 078C0E131BCF11F800DA8915 /* Crashlytics.framework */; };
		078C0E161BCF11F800DA8915 /* Fabric.framework in Frameworks */ = {isa = PBXBuildFile; fileRef = 078C0E141BCF11F800DA8915 /* Fabric.framework */; };
		07ADBEA11BE1455E00281096 /* AdCell.swift in Sources */ = {isa = PBXBuildFile; fileRef = 07ADBEA01BE1455E00281096 /* AdCell.swift */; };
		07B8EE511AAA2F17002B9962 /* EventViewController.m in Sources */ = {isa = PBXBuildFile; fileRef = 07B8EE501AAA2F17002B9962 /* EventViewController.m */; };
		07BC8E391ACB13EB0050C4E9 /* ProfileImageView.swift in Sources */ = {isa = PBXBuildFile; fileRef = 07BC8E381ACB13EB0050C4E9 /* ProfileImageView.swift */; };
		07C19AD61BBCC604000FACB4 /* LocationCell.swift in Sources */ = {isa = PBXBuildFile; fileRef = 07C19AD51BBCC604000FACB4 /* LocationCell.swift */; };
		07C19AD81BC2EA97000FACB4 /* DashboardViewController.swift in Sources */ = {isa = PBXBuildFile; fileRef = 07C19AD71BC2EA97000FACB4 /* DashboardViewController.swift */; };
		07C19ADA1BC2F3C6000FACB4 /* DashboardCell.swift in Sources */ = {isa = PBXBuildFile; fileRef = 07C19AD91BC2F3C6000FACB4 /* DashboardCell.swift */; };
		07C19ADC1BC6DE6A000FACB4 /* UIImage+Invite.swift in Sources */ = {isa = PBXBuildFile; fileRef = 07C19ADB1BC6DE6A000FACB4 /* UIImage+Invite.swift */; };
		07C19AE01BC9DFD2000FACB4 /* UIView+Invite.swift in Sources */ = {isa = PBXBuildFile; fileRef = 07C19ADF1BC9DFD2000FACB4 /* UIView+Invite.swift */; };
		07C19AE21BC9F552000FACB4 /* ResponseButtonView.swift in Sources */ = {isa = PBXBuildFile; fileRef = 07C19AE11BC9F552000FACB4 /* ResponseButtonView.swift */; };
		07D2D9C51AE5A6D4008E1733 /* DashboardOnboardingView.swift in Sources */ = {isa = PBXBuildFile; fileRef = 07D2D9C41AE5A6D4008E1733 /* DashboardOnboardingView.swift */; };
		07D2D9C91AE616E2008E1733 /* OBGradientView.m in Sources */ = {isa = PBXBuildFile; fileRef = 07D2D9C81AE616E2008E1733 /* OBGradientView.m */; };
		07D9DD351AD83789008FF016 /* BasicCell.swift in Sources */ = {isa = PBXBuildFile; fileRef = 07D9DD341AD83789008FF016 /* BasicCell.swift */; };
		07D9DD371AD8386B008FF016 /* InputCell.swift in Sources */ = {isa = PBXBuildFile; fileRef = 07D9DD361AD8386B008FF016 /* InputCell.swift */; };
		07D9DD391AD83E42008FF016 /* RadioCell.swift in Sources */ = {isa = PBXBuildFile; fileRef = 07D9DD381AD83E42008FF016 /* RadioCell.swift */; };
		07D9DD3B1AD868B5008FF016 /* MapCell.swift in Sources */ = {isa = PBXBuildFile; fileRef = 07D9DD3A1AD868B5008FF016 /* MapCell.swift */; };
		07DDBF261AC7BEDA0058E1CA /* LocationViewController.swift in Sources */ = {isa = PBXBuildFile; fileRef = 07DDBF251AC7BEDA0058E1CA /* LocationViewController.swift */; };
		07DDBF281AC7D12A0058E1CA /* LocationResultsViewController.swift in Sources */ = {isa = PBXBuildFile; fileRef = 07DDBF271AC7D12A0058E1CA /* LocationResultsViewController.swift */; };
		07E1FD8E1ACDA90200F619D0 /* UIColor+Invite.swift in Sources */ = {isa = PBXBuildFile; fileRef = 07E1FD8D1ACDA90200F619D0 /* UIColor+Invite.swift */; };
		07E1FD901ACE4EDD00F619D0 /* AppDelegate.swift in Sources */ = {isa = PBXBuildFile; fileRef = 07E1FD8F1ACE4EDD00F619D0 /* AppDelegate.swift */; };
		07F584AD1BBBB7DA00A529FA /* SwiftyJSON.swift in Sources */ = {isa = PBXBuildFile; fileRef = 07F584AC1BBBB7DA00A529FA /* SwiftyJSON.swift */; };
		07F9AAD51BB49A76003299C3 /* InviteesViewController.swift in Sources */ = {isa = PBXBuildFile; fileRef = 07F9AAD41BB49A76003299C3 /* InviteesViewController.swift */; };
/* End PBXBuildFile section */

/* Begin PBXContainerItemProxy section */
		0732740A1A892BFB007700B3 /* PBXContainerItemProxy */ = {
			isa = PBXContainerItemProxy;
			containerPortal = 073273E51A892BFB007700B3 /* Project object */;
			proxyType = 1;
			remoteGlobalIDString = 073273EC1A892BFB007700B3;
			remoteInfo = Invite;
		};
/* End PBXContainerItemProxy section */

/* Begin PBXFileReference section */
		070C88B51B05227E005E7CDD /* LabelCell.swift */ = {isa = PBXFileReference; fileEncoding = 4; lastKnownFileType = sourcecode.swift; path = LabelCell.swift; sourceTree = "<group>"; };
		070C88B91B069C01005E7CDD /* Reachability.h */ = {isa = PBXFileReference; fileEncoding = 4; lastKnownFileType = sourcecode.c.h; path = Reachability.h; sourceTree = "<group>"; };
		070C88BA1B069C01005E7CDD /* Reachability.m */ = {isa = PBXFileReference; fileEncoding = 4; lastKnownFileType = sourcecode.c.objc; path = Reachability.m; sourceTree = "<group>"; };
		070DAA4B1AE8489C00E111F6 /* SDiPhoneVersion.h */ = {isa = PBXFileReference; fileEncoding = 4; lastKnownFileType = sourcecode.c.h; path = SDiPhoneVersion.h; sourceTree = "<group>"; };
		070DAA4C1AE8489C00E111F6 /* SDiPhoneVersion.m */ = {isa = PBXFileReference; fileEncoding = 4; lastKnownFileType = sourcecode.c.objc; path = SDiPhoneVersion.m; sourceTree = "<group>"; };
		070DAA4E1AE85D6900E111F6 /* SettingsViewController.swift */ = {isa = PBXFileReference; fileEncoding = 4; lastKnownFileType = sourcecode.swift; path = SettingsViewController.swift; sourceTree = "<group>"; };
		071338C21AFC7CF1002B07D3 /* libstdc++.6.0.9.dylib */ = {isa = PBXFileReference; lastKnownFileType = "compiled.mach-o.dylib"; name = "libstdc++.6.0.9.dylib"; path = "usr/lib/libstdc++.6.0.9.dylib"; sourceTree = SDKROOT; };
		071408731AEC9D660081F304 /* DatePickerView.swift */ = {isa = PBXFileReference; fileEncoding = 4; lastKnownFileType = sourcecode.swift; path = DatePickerView.swift; sourceTree = "<group>"; };
		0714087A1AEE13FC0081F304 /* ProfileCell.swift */ = {isa = PBXFileReference; fileEncoding = 4; lastKnownFileType = sourcecode.swift; path = ProfileCell.swift; sourceTree = "<group>"; };
		071C90D11BE89214009126E5 /* DashboardNextEventCell.swift */ = {isa = PBXFileReference; fileEncoding = 4; lastKnownFileType = sourcecode.swift; path = DashboardNextEventCell.swift; sourceTree = "<group>"; };
		071F694E1A8C1A3D009A8380 /* Localizable.strings */ = {isa = PBXFileReference; fileEncoding = 4; lastKnownFileType = text.plist.strings; path = Localizable.strings; sourceTree = "<group>"; };
		072460E11BE1381700DAA4DB /* TwitterKit.framework */ = {isa = PBXFileReference; lastKnownFileType = wrapper.framework; name = TwitterKit.framework; path = ../../Documents/Crashlytics/TwitterKit.framework; sourceTree = "<group>"; };
		072460E21BE1381700DAA4DB /* TwitterKitResources.bundle */ = {isa = PBXFileReference; lastKnownFileType = "wrapper.plug-in"; name = TwitterKitResources.bundle; path = ../../Documents/Crashlytics/TwitterKit.framework/Versions/A/Resources/TwitterKitResources.bundle; sourceTree = "<group>"; };
		072460E31BE1381700DAA4DB /* TwitterCore.framework */ = {isa = PBXFileReference; lastKnownFileType = wrapper.framework; name = TwitterCore.framework; path = ../../Documents/Crashlytics/TwitterCore.framework; sourceTree = "<group>"; };
		072463181A8BD3C400820834 /* AudioToolbox.framework */ = {isa = PBXFileReference; lastKnownFileType = wrapper.framework; name = AudioToolbox.framework; path = System/Library/Frameworks/AudioToolbox.framework; sourceTree = SDKROOT; };
		0724631A1A8BD3D000820834 /* CFNetwork.framework */ = {isa = PBXFileReference; lastKnownFileType = wrapper.framework; name = CFNetwork.framework; path = System/Library/Frameworks/CFNetwork.framework; sourceTree = SDKROOT; };
		0724631C1A8BD3D800820834 /* CoreGraphics.framework */ = {isa = PBXFileReference; lastKnownFileType = wrapper.framework; name = CoreGraphics.framework; path = System/Library/Frameworks/CoreGraphics.framework; sourceTree = SDKROOT; };
		0724631E1A8BD3E100820834 /* CoreLocation.framework */ = {isa = PBXFileReference; lastKnownFileType = wrapper.framework; name = CoreLocation.framework; path = System/Library/Frameworks/CoreLocation.framework; sourceTree = SDKROOT; };
		072463201A8BD3EB00820834 /* MobileCoreServices.framework */ = {isa = PBXFileReference; lastKnownFileType = wrapper.framework; name = MobileCoreServices.framework; path = System/Library/Frameworks/MobileCoreServices.framework; sourceTree = SDKROOT; };
		072463221A8BD3F300820834 /* QuartzCore.framework */ = {isa = PBXFileReference; lastKnownFileType = wrapper.framework; name = QuartzCore.framework; path = System/Library/Frameworks/QuartzCore.framework; sourceTree = SDKROOT; };
		072463241A8BD3FA00820834 /* Security.framework */ = {isa = PBXFileReference; lastKnownFileType = wrapper.framework; name = Security.framework; path = System/Library/Frameworks/Security.framework; sourceTree = SDKROOT; };
		072463261A8BD40300820834 /* StoreKit.framework */ = {isa = PBXFileReference; lastKnownFileType = wrapper.framework; name = StoreKit.framework; path = System/Library/Frameworks/StoreKit.framework; sourceTree = SDKROOT; };
		072463281A8BD40D00820834 /* SystemConfiguration.framework */ = {isa = PBXFileReference; lastKnownFileType = wrapper.framework; name = SystemConfiguration.framework; path = System/Library/Frameworks/SystemConfiguration.framework; sourceTree = SDKROOT; };
		0724632A1A8BD41900820834 /* libz.dylib */ = {isa = PBXFileReference; lastKnownFileType = "compiled.mach-o.dylib"; name = libz.dylib; path = usr/lib/libz.dylib; sourceTree = SDKROOT; };
		0724632C1A8BD42900820834 /* libsqlite3.dylib */ = {isa = PBXFileReference; lastKnownFileType = "compiled.mach-o.dylib"; name = libsqlite3.dylib; path = usr/lib/libsqlite3.dylib; sourceTree = SDKROOT; };
		0728364B1AD2F02000B158AC /* ProximaNova-Black.otf */ = {isa = PBXFileReference; lastKnownFileType = file; path = "ProximaNova-Black.otf"; sourceTree = "<group>"; };
		0728364C1AD2F02000B158AC /* ProximaNova-Bold.otf */ = {isa = PBXFileReference; lastKnownFileType = file; path = "ProximaNova-Bold.otf"; sourceTree = "<group>"; };
		0728364D1AD2F02000B158AC /* ProximaNova-BoldIt.otf */ = {isa = PBXFileReference; lastKnownFileType = file; path = "ProximaNova-BoldIt.otf"; sourceTree = "<group>"; };
		0728364E1AD2F02000B158AC /* ProximaNova-Extrabold.otf */ = {isa = PBXFileReference; lastKnownFileType = file; path = "ProximaNova-Extrabold.otf"; sourceTree = "<group>"; };
		0728364F1AD2F02000B158AC /* ProximaNova-Light.otf */ = {isa = PBXFileReference; lastKnownFileType = file; path = "ProximaNova-Light.otf"; sourceTree = "<group>"; };
		072836501AD2F02000B158AC /* ProximaNova-LightItalic.otf */ = {isa = PBXFileReference; lastKnownFileType = file; path = "ProximaNova-LightItalic.otf"; sourceTree = "<group>"; };
		072836511AD2F02000B158AC /* ProximaNova-RegItalic.otf */ = {isa = PBXFileReference; lastKnownFileType = file; path = "ProximaNova-RegItalic.otf"; sourceTree = "<group>"; };
		072836521AD2F02000B158AC /* ProximaNova-Regular.otf */ = {isa = PBXFileReference; lastKnownFileType = file; path = "ProximaNova-Regular.otf"; sourceTree = "<group>"; };
		072836531AD2F02000B158AC /* ProximaNova-RegularItalic.otf */ = {isa = PBXFileReference; lastKnownFileType = file; path = "ProximaNova-RegularItalic.otf"; sourceTree = "<group>"; };
		072836541AD2F02000B158AC /* ProximaNova-Semibold.otf */ = {isa = PBXFileReference; lastKnownFileType = file; path = "ProximaNova-Semibold.otf"; sourceTree = "<group>"; };
		072836551AD2F02000B158AC /* ProximaNova-SemiboldItalic.otf */ = {isa = PBXFileReference; lastKnownFileType = file; path = "ProximaNova-SemiboldItalic.otf"; sourceTree = "<group>"; };
		072836561AD2F02000B158AC /* ProximaNovaCond-Light.otf */ = {isa = PBXFileReference; lastKnownFileType = file; path = "ProximaNovaCond-Light.otf"; sourceTree = "<group>"; };
		072836571AD2F02000B158AC /* ProximaNovaCond-LightIt.otf */ = {isa = PBXFileReference; lastKnownFileType = file; path = "ProximaNovaCond-LightIt.otf"; sourceTree = "<group>"; };
		072836581AD2F02000B158AC /* ProximaNovaCond-Regular.otf */ = {isa = PBXFileReference; lastKnownFileType = file; path = "ProximaNovaCond-Regular.otf"; sourceTree = "<group>"; };
		072836591AD2F02000B158AC /* ProximaNovaCond-RegularIt.otf */ = {isa = PBXFileReference; lastKnownFileType = file; path = "ProximaNovaCond-RegularIt.otf"; sourceTree = "<group>"; };
		0728365A1AD2F02000B158AC /* ProximaNovaCond-Semibold.otf */ = {isa = PBXFileReference; lastKnownFileType = file; path = "ProximaNovaCond-Semibold.otf"; sourceTree = "<group>"; };
		0728365B1AD2F02000B158AC /* ProximaNovaCond-SemiboldIt.otf */ = {isa = PBXFileReference; lastKnownFileType = file; path = "ProximaNovaCond-SemiboldIt.otf"; sourceTree = "<group>"; };
		0728366D1AD2F1FC00B158AC /* UIFont+Invite.swift */ = {isa = PBXFileReference; fileEncoding = 4; lastKnownFileType = sourcecode.swift; path = "UIFont+Invite.swift"; sourceTree = "<group>"; };
		072836741AD315BF00B158AC /* UIView+Invite.h */ = {isa = PBXFileReference; fileEncoding = 4; lastKnownFileType = sourcecode.c.h; path = "UIView+Invite.h"; sourceTree = "<group>"; };
		072836751AD315BF00B158AC /* UIView+Invite.m */ = {isa = PBXFileReference; fileEncoding = 4; lastKnownFileType = sourcecode.c.objc; path = "UIView+Invite.m"; sourceTree = "<group>"; };
		072D3D321BE875F6003C1E58 /* DashboardNeedsResponseCell.swift */ = {isa = PBXFileReference; fileEncoding = 4; lastKnownFileType = sourcecode.swift; path = DashboardNeedsResponseCell.swift; sourceTree = "<group>"; };
		073029EC1BB3954B00E2266E /* Reservation.swift */ = {isa = PBXFileReference; fileEncoding = 4; lastKnownFileType = sourcecode.swift; path = Reservation.swift; sourceTree = "<group>"; };
		073273ED1A892BFB007700B3 /* Invite.app */ = {isa = PBXFileReference; explicitFileType = wrapper.application; includeInIndex = 0; path = Invite.app; sourceTree = BUILT_PRODUCTS_DIR; };
		073273F11A892BFB007700B3 /* Info.plist */ = {isa = PBXFileReference; lastKnownFileType = text.plist.xml; path = Info.plist; sourceTree = "<group>"; };
		073273F21A892BFB007700B3 /* main.m */ = {isa = PBXFileReference; lastKnownFileType = sourcecode.c.objc; path = main.m; sourceTree = "<group>"; };
		073273F41A892BFB007700B3 /* AppDelegate.h */ = {isa = PBXFileReference; lastKnownFileType = sourcecode.c.h; path = AppDelegate.h; sourceTree = "<group>"; };
		073273F51A892BFB007700B3 /* AppDelegate.m */ = {isa = PBXFileReference; lastKnownFileType = sourcecode.c.objc; path = AppDelegate.m; sourceTree = "<group>"; };
		073273FA1A892BFB007700B3 /* LoginViewController.h */ = {isa = PBXFileReference; lastKnownFileType = sourcecode.c.h; path = LoginViewController.h; sourceTree = "<group>"; };
		073273FB1A892BFB007700B3 /* LoginViewController.m */ = {isa = PBXFileReference; lastKnownFileType = sourcecode.c.objc; path = LoginViewController.m; sourceTree = "<group>"; };
		073273FE1A892BFB007700B3 /* Base */ = {isa = PBXFileReference; lastKnownFileType = file.storyboard; name = Base; path = Base.lproj/Main.storyboard; sourceTree = "<group>"; };
		073274001A892BFB007700B3 /* Images.xcassets */ = {isa = PBXFileReference; lastKnownFileType = folder.assetcatalog; path = Images.xcassets; sourceTree = "<group>"; };
		073274031A892BFB007700B3 /* Base */ = {isa = PBXFileReference; lastKnownFileType = file.xib; name = Base; path = Base.lproj/LaunchScreen.xib; sourceTree = "<group>"; };
		073274091A892BFB007700B3 /* InviteTests.xctest */ = {isa = PBXFileReference; explicitFileType = wrapper.cfbundle; includeInIndex = 0; path = InviteTests.xctest; sourceTree = BUILT_PRODUCTS_DIR; };
		0732740E1A892BFB007700B3 /* Info.plist */ = {isa = PBXFileReference; lastKnownFileType = text.plist.xml; path = Info.plist; sourceTree = "<group>"; };
		0732740F1A892BFB007700B3 /* InviteTests.m */ = {isa = PBXFileReference; lastKnownFileType = sourcecode.c.objc; path = InviteTests.m; sourceTree = "<group>"; };
		073DA1281C062F2600410FDE /* MessageUI.framework */ = {isa = PBXFileReference; lastKnownFileType = wrapper.framework; name = MessageUI.framework; path = System/Library/Frameworks/MessageUI.framework; sourceTree = SDKROOT; };
		07409EF01C1B68D20015C47B /* iAd.framework */ = {isa = PBXFileReference; lastKnownFileType = wrapper.framework; name = iAd.framework; path = System/Library/Frameworks/iAd.framework; sourceTree = SDKROOT; };
		0741BD911BA897EC0099282F /* FBSDKCoreKit.framework */ = {isa = PBXFileReference; lastKnownFileType = wrapper.framework; name = FBSDKCoreKit.framework; path = "../../Downloads/FacebookSDKs-iOS-20150910/FBSDKCoreKit.framework"; sourceTree = "<group>"; };
		0741BD931BA898D00099282F /* FBSDKLoginKit.framework */ = {isa = PBXFileReference; lastKnownFileType = wrapper.framework; name = FBSDKLoginKit.framework; path = "../../Downloads/FacebookSDKs-iOS-20150910/FBSDKLoginKit.framework"; sourceTree = "<group>"; };
		0741BD951BA8A6B40099282F /* Bolts.framework */ = {isa = PBXFileReference; lastKnownFileType = wrapper.framework; name = Bolts.framework; path = "../../Documents/parse-library/Bolts.framework"; sourceTree = "<group>"; };
		0741BD961BA8A6B40099282F /* Parse.framework */ = {isa = PBXFileReference; lastKnownFileType = wrapper.framework; name = Parse.framework; path = "../../Documents/parse-library/Parse.framework"; sourceTree = "<group>"; };
		0741BD981BA8A6B40099282F /* ParseUI.framework */ = {isa = PBXFileReference; lastKnownFileType = wrapper.framework; name = ParseUI.framework; path = "../../Documents/parse-library/ParseUI.framework"; sourceTree = "<group>"; };
		07426B2A1BE16D6900E25C0D /* AdCell.xib */ = {isa = PBXFileReference; fileEncoding = 4; lastKnownFileType = file.xib; path = AdCell.xib; sourceTree = "<group>"; };
		07426B2C1BE32ACB00E25C0D /* AdCopyLabel.swift */ = {isa = PBXFileReference; fileEncoding = 4; lastKnownFileType = sourcecode.swift; path = AdCopyLabel.swift; sourceTree = "<group>"; };
		074437771AE025D0002A6C4D /* InviteesSectionViewController.h */ = {isa = PBXFileReference; fileEncoding = 4; lastKnownFileType = sourcecode.c.h; path = InviteesSectionViewController.h; sourceTree = "<group>"; };
		074437781AE025D0002A6C4D /* InviteesSectionViewController.m */ = {isa = PBXFileReference; fileEncoding = 4; lastKnownFileType = sourcecode.c.objc; path = InviteesSectionViewController.m; sourceTree = "<group>"; };
		0744377A1AE02A37002A6C4D /* InviteesCollectionCell.swift */ = {isa = PBXFileReference; fileEncoding = 4; lastKnownFileType = sourcecode.swift; path = InviteesCollectionCell.swift; sourceTree = "<group>"; };
		074AA5911A9C353C009DC152 /* LaunchViewController.h */ = {isa = PBXFileReference; fileEncoding = 4; lastKnownFileType = sourcecode.c.h; path = LaunchViewController.h; sourceTree = "<group>"; };
		074AA5921A9C353C009DC152 /* LaunchViewController.m */ = {isa = PBXFileReference; fileEncoding = 4; lastKnownFileType = sourcecode.c.objc; path = LaunchViewController.m; sourceTree = "<group>"; };
		074ABE921AE47ACE00C093C7 /* TimeframePickerViewController.swift */ = {isa = PBXFileReference; fileEncoding = 4; lastKnownFileType = sourcecode.swift; path = TimeframePickerViewController.swift; sourceTree = "<group>"; };
		075249E51ACB397C00D279DA /* InviteTheme.swift */ = {isa = PBXFileReference; fileEncoding = 4; lastKnownFileType = sourcecode.swift; path = InviteTheme.swift; sourceTree = "<group>"; };
		0755CE471A8D22E500FF05B7 /* User.h */ = {isa = PBXFileReference; fileEncoding = 4; lastKnownFileType = sourcecode.c.h; path = User.h; sourceTree = "<group>"; };
		0755CE481A8D22E500FF05B7 /* User.m */ = {isa = PBXFileReference; fileEncoding = 4; lastKnownFileType = sourcecode.c.objc; path = User.m; sourceTree = "<group>"; };
		075D10631ADC859D00C86130 /* MKAnnotationView+WebCache.h */ = {isa = PBXFileReference; fileEncoding = 4; lastKnownFileType = sourcecode.c.h; path = "MKAnnotationView+WebCache.h"; sourceTree = "<group>"; };
		075D10641ADC859D00C86130 /* MKAnnotationView+WebCache.m */ = {isa = PBXFileReference; fileEncoding = 4; lastKnownFileType = sourcecode.c.objc; path = "MKAnnotationView+WebCache.m"; sourceTree = "<group>"; };
		075D10651ADC859D00C86130 /* NSData+ImageContentType.h */ = {isa = PBXFileReference; fileEncoding = 4; lastKnownFileType = sourcecode.c.h; path = "NSData+ImageContentType.h"; sourceTree = "<group>"; };
		075D10661ADC859D00C86130 /* NSData+ImageContentType.m */ = {isa = PBXFileReference; fileEncoding = 4; lastKnownFileType = sourcecode.c.objc; path = "NSData+ImageContentType.m"; sourceTree = "<group>"; };
		075D10671ADC859D00C86130 /* SDImageCache.h */ = {isa = PBXFileReference; fileEncoding = 4; lastKnownFileType = sourcecode.c.h; path = SDImageCache.h; sourceTree = "<group>"; };
		075D10681ADC859D00C86130 /* SDImageCache.m */ = {isa = PBXFileReference; fileEncoding = 4; lastKnownFileType = sourcecode.c.objc; path = SDImageCache.m; sourceTree = "<group>"; };
		075D10691ADC859D00C86130 /* SDWebImageCompat.h */ = {isa = PBXFileReference; fileEncoding = 4; lastKnownFileType = sourcecode.c.h; path = SDWebImageCompat.h; sourceTree = "<group>"; };
		075D106A1ADC859D00C86130 /* SDWebImageCompat.m */ = {isa = PBXFileReference; fileEncoding = 4; lastKnownFileType = sourcecode.c.objc; path = SDWebImageCompat.m; sourceTree = "<group>"; };
		075D106B1ADC859D00C86130 /* SDWebImageDecoder.h */ = {isa = PBXFileReference; fileEncoding = 4; lastKnownFileType = sourcecode.c.h; path = SDWebImageDecoder.h; sourceTree = "<group>"; };
		075D106C1ADC859D00C86130 /* SDWebImageDecoder.m */ = {isa = PBXFileReference; fileEncoding = 4; lastKnownFileType = sourcecode.c.objc; path = SDWebImageDecoder.m; sourceTree = "<group>"; };
		075D106D1ADC859D00C86130 /* SDWebImageDownloader.h */ = {isa = PBXFileReference; fileEncoding = 4; lastKnownFileType = sourcecode.c.h; path = SDWebImageDownloader.h; sourceTree = "<group>"; };
		075D106E1ADC859D00C86130 /* SDWebImageDownloader.m */ = {isa = PBXFileReference; fileEncoding = 4; lastKnownFileType = sourcecode.c.objc; path = SDWebImageDownloader.m; sourceTree = "<group>"; };
		075D106F1ADC859D00C86130 /* SDWebImageDownloaderOperation.h */ = {isa = PBXFileReference; fileEncoding = 4; lastKnownFileType = sourcecode.c.h; path = SDWebImageDownloaderOperation.h; sourceTree = "<group>"; };
		075D10701ADC859D00C86130 /* SDWebImageDownloaderOperation.m */ = {isa = PBXFileReference; fileEncoding = 4; lastKnownFileType = sourcecode.c.objc; path = SDWebImageDownloaderOperation.m; sourceTree = "<group>"; };
		075D10711ADC859D00C86130 /* SDWebImageManager.h */ = {isa = PBXFileReference; fileEncoding = 4; lastKnownFileType = sourcecode.c.h; path = SDWebImageManager.h; sourceTree = "<group>"; };
		075D10721ADC859D00C86130 /* SDWebImageManager.m */ = {isa = PBXFileReference; fileEncoding = 4; lastKnownFileType = sourcecode.c.objc; path = SDWebImageManager.m; sourceTree = "<group>"; };
		075D10731ADC859D00C86130 /* SDWebImageOperation.h */ = {isa = PBXFileReference; fileEncoding = 4; lastKnownFileType = sourcecode.c.h; path = SDWebImageOperation.h; sourceTree = "<group>"; };
		075D10741ADC859D00C86130 /* SDWebImagePrefetcher.h */ = {isa = PBXFileReference; fileEncoding = 4; lastKnownFileType = sourcecode.c.h; path = SDWebImagePrefetcher.h; sourceTree = "<group>"; };
		075D10751ADC859D00C86130 /* SDWebImagePrefetcher.m */ = {isa = PBXFileReference; fileEncoding = 4; lastKnownFileType = sourcecode.c.objc; path = SDWebImagePrefetcher.m; sourceTree = "<group>"; };
		075D10761ADC859D00C86130 /* UIButton+WebCache.h */ = {isa = PBXFileReference; fileEncoding = 4; lastKnownFileType = sourcecode.c.h; path = "UIButton+WebCache.h"; sourceTree = "<group>"; };
		075D10771ADC859D00C86130 /* UIButton+WebCache.m */ = {isa = PBXFileReference; fileEncoding = 4; lastKnownFileType = sourcecode.c.objc; path = "UIButton+WebCache.m"; sourceTree = "<group>"; };
		075D10781ADC859D00C86130 /* UIImage+GIF.h */ = {isa = PBXFileReference; fileEncoding = 4; lastKnownFileType = sourcecode.c.h; path = "UIImage+GIF.h"; sourceTree = "<group>"; };
		075D10791ADC859D00C86130 /* UIImage+GIF.m */ = {isa = PBXFileReference; fileEncoding = 4; lastKnownFileType = sourcecode.c.objc; path = "UIImage+GIF.m"; sourceTree = "<group>"; };
		075D107A1ADC859D00C86130 /* UIImage+MultiFormat.h */ = {isa = PBXFileReference; fileEncoding = 4; lastKnownFileType = sourcecode.c.h; path = "UIImage+MultiFormat.h"; sourceTree = "<group>"; };
		075D107B1ADC859D00C86130 /* UIImage+MultiFormat.m */ = {isa = PBXFileReference; fileEncoding = 4; lastKnownFileType = sourcecode.c.objc; path = "UIImage+MultiFormat.m"; sourceTree = "<group>"; };
		075D107C1ADC859D00C86130 /* UIImage+WebP.h */ = {isa = PBXFileReference; fileEncoding = 4; lastKnownFileType = sourcecode.c.h; path = "UIImage+WebP.h"; sourceTree = "<group>"; };
		075D107D1ADC859D00C86130 /* UIImage+WebP.m */ = {isa = PBXFileReference; fileEncoding = 4; lastKnownFileType = sourcecode.c.objc; path = "UIImage+WebP.m"; sourceTree = "<group>"; };
		075D107E1ADC859D00C86130 /* UIImageView+HighlightedWebCache.h */ = {isa = PBXFileReference; fileEncoding = 4; lastKnownFileType = sourcecode.c.h; path = "UIImageView+HighlightedWebCache.h"; sourceTree = "<group>"; };
		075D107F1ADC859D00C86130 /* UIImageView+HighlightedWebCache.m */ = {isa = PBXFileReference; fileEncoding = 4; lastKnownFileType = sourcecode.c.objc; path = "UIImageView+HighlightedWebCache.m"; sourceTree = "<group>"; };
		075D10801ADC859D00C86130 /* UIImageView+WebCache.h */ = {isa = PBXFileReference; fileEncoding = 4; lastKnownFileType = sourcecode.c.h; path = "UIImageView+WebCache.h"; sourceTree = "<group>"; };
		075D10811ADC859D00C86130 /* UIImageView+WebCache.m */ = {isa = PBXFileReference; fileEncoding = 4; lastKnownFileType = sourcecode.c.objc; path = "UIImageView+WebCache.m"; sourceTree = "<group>"; };
		075D10821ADC859D00C86130 /* UIView+WebCacheOperation.h */ = {isa = PBXFileReference; fileEncoding = 4; lastKnownFileType = sourcecode.c.h; path = "UIView+WebCacheOperation.h"; sourceTree = "<group>"; };
		075D10831ADC859D00C86130 /* UIView+WebCacheOperation.m */ = {isa = PBXFileReference; fileEncoding = 4; lastKnownFileType = sourcecode.c.objc; path = "UIView+WebCacheOperation.m"; sourceTree = "<group>"; };
		075E2FD51AF2D33E0089CFDC /* AddressBook.framework */ = {isa = PBXFileReference; lastKnownFileType = wrapper.framework; name = AddressBook.framework; path = System/Library/Frameworks/AddressBook.framework; sourceTree = SDKROOT; };
		07719E3F1BAFC11200A99E20 /* NumberedInputCell.swift */ = {isa = PBXFileReference; fileEncoding = 4; lastKnownFileType = sourcecode.swift; path = NumberedInputCell.swift; sourceTree = "<group>"; };
		07719E411BB0834800A99E20 /* PaddingCell.swift */ = {isa = PBXFileReference; fileEncoding = 4; lastKnownFileType = sourcecode.swift; path = PaddingCell.swift; sourceTree = "<group>"; };
		07719E431BB2165800A99E20 /* ButtonCell.swift */ = {isa = PBXFileReference; fileEncoding = 4; lastKnownFileType = sourcecode.swift; path = ButtonCell.swift; sourceTree = "<group>"; };
		0775B0731A93E6B000C15303 /* StringConstants.h */ = {isa = PBXFileReference; fileEncoding = 4; lastKnownFileType = sourcecode.c.h; path = StringConstants.h; sourceTree = "<group>"; };
		077811661AFF216F00D5DC4D /* ToggleCell.swift */ = {isa = PBXFileReference; fileEncoding = 4; lastKnownFileType = sourcecode.swift; path = ToggleCell.swift; sourceTree = "<group>"; };
		077811681AFF237800D5DC4D /* UserDefaults.swift */ = {isa = PBXFileReference; fileEncoding = 4; lastKnownFileType = sourcecode.swift; path = UserDefaults.swift; sourceTree = "<group>"; };
		0778116A1B01382600D5DC4D /* TitleDateCell.swift */ = {isa = PBXFileReference; fileEncoding = 4; lastKnownFileType = sourcecode.swift; path = TitleDateCell.swift; sourceTree = "<group>"; };
		0786EB7B1A8E70ED006FDCA6 /* Event.h */ = {isa = PBXFileReference; fileEncoding = 4; lastKnownFileType = sourcecode.c.h; path = Event.h; sourceTree = "<group>"; };
		0786EB7C1A8E70ED006FDCA6 /* Event.m */ = {isa = PBXFileReference; fileEncoding = 4; lastKnownFileType = sourcecode.c.objc; path = Event.m; sourceTree = "<group>"; };
		078924731AB36DCE005EE7FB /* MapKit.framework */ = {isa = PBXFileReference; lastKnownFileType = wrapper.framework; name = MapKit.framework; path = System/Library/Frameworks/MapKit.framework; sourceTree = SDKROOT; };
		078B35CD1BE02BC100ACDB5F /* Notification.swift */ = {isa = PBXFileReference; fileEncoding = 4; lastKnownFileType = sourcecode.swift; path = Notification.swift; sourceTree = "<group>"; };
		078B35D41BE0843000ACDB5F /* alert_43.mp3 */ = {isa = PBXFileReference; lastKnownFileType = audio.mp3; path = alert_43.mp3; sourceTree = "<group>"; };
		078C0E131BCF11F800DA8915 /* Crashlytics.framework */ = {isa = PBXFileReference; lastKnownFileType = wrapper.framework; name = Crashlytics.framework; path = ../../Documents/Crashlytics/Crashlytics.framework; sourceTree = "<group>"; };
		078C0E141BCF11F800DA8915 /* Fabric.framework */ = {isa = PBXFileReference; lastKnownFileType = wrapper.framework; name = Fabric.framework; path = ../../Documents/Crashlytics/Fabric.framework; sourceTree = "<group>"; };
		07ADBEA01BE1455E00281096 /* AdCell.swift */ = {isa = PBXFileReference; fileEncoding = 4; lastKnownFileType = sourcecode.swift; path = AdCell.swift; sourceTree = "<group>"; };
		07B8EE4F1AAA2F17002B9962 /* EventViewController.h */ = {isa = PBXFileReference; fileEncoding = 4; lastKnownFileType = sourcecode.c.h; path = EventViewController.h; sourceTree = "<group>"; };
		07B8EE501AAA2F17002B9962 /* EventViewController.m */ = {isa = PBXFileReference; fileEncoding = 4; lastKnownFileType = sourcecode.c.objc; path = EventViewController.m; sourceTree = "<group>"; };
		07BC8E381ACB13EB0050C4E9 /* ProfileImageView.swift */ = {isa = PBXFileReference; fileEncoding = 4; lastKnownFileType = sourcecode.swift; path = ProfileImageView.swift; sourceTree = "<group>"; };
		07C19AD51BBCC604000FACB4 /* LocationCell.swift */ = {isa = PBXFileReference; fileEncoding = 4; lastKnownFileType = sourcecode.swift; path = LocationCell.swift; sourceTree = "<group>"; };
		07C19AD71BC2EA97000FACB4 /* DashboardViewController.swift */ = {isa = PBXFileReference; fileEncoding = 4; lastKnownFileType = sourcecode.swift; path = DashboardViewController.swift; sourceTree = "<group>"; };
		07C19AD91BC2F3C6000FACB4 /* DashboardCell.swift */ = {isa = PBXFileReference; fileEncoding = 4; lastKnownFileType = sourcecode.swift; path = DashboardCell.swift; sourceTree = "<group>"; };
		07C19ADB1BC6DE6A000FACB4 /* UIImage+Invite.swift */ = {isa = PBXFileReference; fileEncoding = 4; lastKnownFileType = sourcecode.swift; path = "UIImage+Invite.swift"; sourceTree = "<group>"; };
		07C19ADF1BC9DFD2000FACB4 /* UIView+Invite.swift */ = {isa = PBXFileReference; fileEncoding = 4; lastKnownFileType = sourcecode.swift; path = "UIView+Invite.swift"; sourceTree = "<group>"; };
		07C19AE11BC9F552000FACB4 /* ResponseButtonView.swift */ = {isa = PBXFileReference; fileEncoding = 4; lastKnownFileType = sourcecode.swift; path = ResponseButtonView.swift; sourceTree = "<group>"; };
		07C2098C1A8C2159002B3961 /* en */ = {isa = PBXFileReference; lastKnownFileType = text.plist.strings; name = en; path = en.lproj/Main.strings; sourceTree = "<group>"; };
		07D2D9C41AE5A6D4008E1733 /* DashboardOnboardingView.swift */ = {isa = PBXFileReference; fileEncoding = 4; lastKnownFileType = sourcecode.swift; path = DashboardOnboardingView.swift; sourceTree = "<group>"; };
		07D2D9C71AE616E2008E1733 /* OBGradientView.h */ = {isa = PBXFileReference; fileEncoding = 4; lastKnownFileType = sourcecode.c.h; path = OBGradientView.h; sourceTree = "<group>"; };
		07D2D9C81AE616E2008E1733 /* OBGradientView.m */ = {isa = PBXFileReference; fileEncoding = 4; lastKnownFileType = sourcecode.c.objc; path = OBGradientView.m; sourceTree = "<group>"; };
		07D9DD341AD83789008FF016 /* BasicCell.swift */ = {isa = PBXFileReference; fileEncoding = 4; lastKnownFileType = sourcecode.swift; path = BasicCell.swift; sourceTree = "<group>"; };
		07D9DD361AD8386B008FF016 /* InputCell.swift */ = {isa = PBXFileReference; fileEncoding = 4; lastKnownFileType = sourcecode.swift; path = InputCell.swift; sourceTree = "<group>"; };
		07D9DD381AD83E42008FF016 /* RadioCell.swift */ = {isa = PBXFileReference; fileEncoding = 4; lastKnownFileType = sourcecode.swift; path = RadioCell.swift; sourceTree = "<group>"; };
		07D9DD3A1AD868B5008FF016 /* MapCell.swift */ = {isa = PBXFileReference; fileEncoding = 4; lastKnownFileType = sourcecode.swift; path = MapCell.swift; sourceTree = "<group>"; };
		07DDBF201AC7ACC50058E1CA /* Invite-Bridging-Header.h */ = {isa = PBXFileReference; lastKnownFileType = sourcecode.c.h; path = "Invite-Bridging-Header.h"; sourceTree = "<group>"; };
		07DDBF251AC7BEDA0058E1CA /* LocationViewController.swift */ = {isa = PBXFileReference; fileEncoding = 4; lastKnownFileType = sourcecode.swift; path = LocationViewController.swift; sourceTree = "<group>"; };
		07DDBF271AC7D12A0058E1CA /* LocationResultsViewController.swift */ = {isa = PBXFileReference; fileEncoding = 4; lastKnownFileType = sourcecode.swift; path = LocationResultsViewController.swift; sourceTree = "<group>"; };
		07E1FD8D1ACDA90200F619D0 /* UIColor+Invite.swift */ = {isa = PBXFileReference; fileEncoding = 4; lastKnownFileType = sourcecode.swift; path = "UIColor+Invite.swift"; sourceTree = "<group>"; };
		07E1FD8F1ACE4EDD00F619D0 /* AppDelegate.swift */ = {isa = PBXFileReference; fileEncoding = 4; lastKnownFileType = sourcecode.swift; path = AppDelegate.swift; sourceTree = "<group>"; };
		07F584AC1BBBB7DA00A529FA /* SwiftyJSON.swift */ = {isa = PBXFileReference; fileEncoding = 4; lastKnownFileType = sourcecode.swift; path = SwiftyJSON.swift; sourceTree = "<group>"; };
		07F9AAD41BB49A76003299C3 /* InviteesViewController.swift */ = {isa = PBXFileReference; fileEncoding = 4; lastKnownFileType = sourcecode.swift; path = InviteesViewController.swift; sourceTree = "<group>"; };
/* End PBXFileReference section */

/* Begin PBXFrameworksBuildPhase section */
		073273EA1A892BFB007700B3 /* Frameworks */ = {
			isa = PBXFrameworksBuildPhase;
			buildActionMask = 2147483647;
			files = (
				07409EF11C1B68D20015C47B /* iAd.framework in Frameworks */,
				073DA1291C062F2600410FDE /* MessageUI.framework in Frameworks */,
				0741BD941BA898D00099282F /* FBSDKLoginKit.framework in Frameworks */,
				071338C31AFC7CF1002B07D3 /* libstdc++.6.0.9.dylib in Frameworks */,
				0741BD9C1BA8A6B40099282F /* ParseUI.framework in Frameworks */,
				075E2FD61AF2D33E0089CFDC /* AddressBook.framework in Frameworks */,
				078924741AB36DCE005EE7FB /* MapKit.framework in Frameworks */,
				072460E41BE1381700DAA4DB /* TwitterKit.framework in Frameworks */,
				0724632D1A8BD42900820834 /* libsqlite3.dylib in Frameworks */,
				078C0E151BCF11F800DA8915 /* Crashlytics.framework in Frameworks */,
				0724632B1A8BD41900820834 /* libz.dylib in Frameworks */,
				0741BD921BA897EC0099282F /* FBSDKCoreKit.framework in Frameworks */,
				072460E61BE1381700DAA4DB /* TwitterCore.framework in Frameworks */,
				072463291A8BD40D00820834 /* SystemConfiguration.framework in Frameworks */,
				072463271A8BD40300820834 /* StoreKit.framework in Frameworks */,
				072463251A8BD3FA00820834 /* Security.framework in Frameworks */,
				0741BD9A1BA8A6B40099282F /* Parse.framework in Frameworks */,
				072463231A8BD3F300820834 /* QuartzCore.framework in Frameworks */,
				078C0E161BCF11F800DA8915 /* Fabric.framework in Frameworks */,
				072463211A8BD3EB00820834 /* MobileCoreServices.framework in Frameworks */,
				0741BD991BA8A6B40099282F /* Bolts.framework in Frameworks */,
				0724631F1A8BD3E100820834 /* CoreLocation.framework in Frameworks */,
				0724631D1A8BD3D800820834 /* CoreGraphics.framework in Frameworks */,
				0724631B1A8BD3D000820834 /* CFNetwork.framework in Frameworks */,
				072463191A8BD3C400820834 /* AudioToolbox.framework in Frameworks */,
			);
			runOnlyForDeploymentPostprocessing = 0;
		};
		073274061A892BFB007700B3 /* Frameworks */ = {
			isa = PBXFrameworksBuildPhase;
			buildActionMask = 2147483647;
			files = (
			);
			runOnlyForDeploymentPostprocessing = 0;
		};
/* End PBXFrameworksBuildPhase section */

/* Begin PBXGroup section */
		070C88BE1B0712A2005E7CDD /* Invitees Section */ = {
			isa = PBXGroup;
			children = (
				074437771AE025D0002A6C4D /* InviteesSectionViewController.h */,
				074437781AE025D0002A6C4D /* InviteesSectionViewController.m */,
				0744377A1AE02A37002A6C4D /* InviteesCollectionCell.swift */,
			);
			name = "Invitees Section";
			sourceTree = "<group>";
		};
		070DAA4A1AE8489C00E111F6 /* SDiPhoneVersion */ = {
			isa = PBXGroup;
			children = (
				070DAA4B1AE8489C00E111F6 /* SDiPhoneVersion.h */,
				070DAA4C1AE8489C00E111F6 /* SDiPhoneVersion.m */,
			);
			path = SDiPhoneVersion;
			sourceTree = "<group>";
		};
		070DAA501AE85D7300E111F6 /* Settings */ = {
			isa = PBXGroup;
			children = (
				070DAA4E1AE85D6900E111F6 /* SettingsViewController.swift */,
			);
			name = Settings;
			sourceTree = "<group>";
		};
		0724632E1A8BD44200820834 /* Frameworks */ = {
			isa = PBXGroup;
			children = (
				07409EF01C1B68D20015C47B /* iAd.framework */,
				073DA1281C062F2600410FDE /* MessageUI.framework */,
				072460E11BE1381700DAA4DB /* TwitterKit.framework */,
				072460E21BE1381700DAA4DB /* TwitterKitResources.bundle */,
				072460E31BE1381700DAA4DB /* TwitterCore.framework */,
				078C0E131BCF11F800DA8915 /* Crashlytics.framework */,
				078C0E141BCF11F800DA8915 /* Fabric.framework */,
				0741BD951BA8A6B40099282F /* Bolts.framework */,
				0741BD961BA8A6B40099282F /* Parse.framework */,
				0741BD981BA8A6B40099282F /* ParseUI.framework */,
				0741BD911BA897EC0099282F /* FBSDKCoreKit.framework */,
				0741BD931BA898D00099282F /* FBSDKLoginKit.framework */,
				071338C21AFC7CF1002B07D3 /* libstdc++.6.0.9.dylib */,
				0724632C1A8BD42900820834 /* libsqlite3.dylib */,
				0724632A1A8BD41900820834 /* libz.dylib */,
				075E2FD51AF2D33E0089CFDC /* AddressBook.framework */,
				078924731AB36DCE005EE7FB /* MapKit.framework */,
				072463281A8BD40D00820834 /* SystemConfiguration.framework */,
				072463261A8BD40300820834 /* StoreKit.framework */,
				072463241A8BD3FA00820834 /* Security.framework */,
				072463221A8BD3F300820834 /* QuartzCore.framework */,
				072463201A8BD3EB00820834 /* MobileCoreServices.framework */,
				0724631E1A8BD3E100820834 /* CoreLocation.framework */,
				0724631C1A8BD3D800820834 /* CoreGraphics.framework */,
				0724631A1A8BD3D000820834 /* CFNetwork.framework */,
				072463181A8BD3C400820834 /* AudioToolbox.framework */,
			);
			name = Frameworks;
			sourceTree = "<group>";
		};
		0728364A1AD2F02000B158AC /* Proxima Nova Collection */ = {
			isa = PBXGroup;
			children = (
				0728364B1AD2F02000B158AC /* ProximaNova-Black.otf */,
				0728364C1AD2F02000B158AC /* ProximaNova-Bold.otf */,
				0728364D1AD2F02000B158AC /* ProximaNova-BoldIt.otf */,
				0728364E1AD2F02000B158AC /* ProximaNova-Extrabold.otf */,
				0728364F1AD2F02000B158AC /* ProximaNova-Light.otf */,
				072836501AD2F02000B158AC /* ProximaNova-LightItalic.otf */,
				072836511AD2F02000B158AC /* ProximaNova-RegItalic.otf */,
				072836521AD2F02000B158AC /* ProximaNova-Regular.otf */,
				072836531AD2F02000B158AC /* ProximaNova-RegularItalic.otf */,
				072836541AD2F02000B158AC /* ProximaNova-Semibold.otf */,
				072836551AD2F02000B158AC /* ProximaNova-SemiboldItalic.otf */,
				072836561AD2F02000B158AC /* ProximaNovaCond-Light.otf */,
				072836571AD2F02000B158AC /* ProximaNovaCond-LightIt.otf */,
				072836581AD2F02000B158AC /* ProximaNovaCond-Regular.otf */,
				072836591AD2F02000B158AC /* ProximaNovaCond-RegularIt.otf */,
				0728365A1AD2F02000B158AC /* ProximaNovaCond-Semibold.otf */,
				0728365B1AD2F02000B158AC /* ProximaNovaCond-SemiboldIt.otf */,
			);
			path = "Proxima Nova Collection";
			sourceTree = "<group>";
		};
		072836771AD3188700B158AC /* Categories */ = {
			isa = PBXGroup;
			children = (
				072836741AD315BF00B158AC /* UIView+Invite.h */,
				072836751AD315BF00B158AC /* UIView+Invite.m */,
				07C19ADF1BC9DFD2000FACB4 /* UIView+Invite.swift */,
				07E1FD8D1ACDA90200F619D0 /* UIColor+Invite.swift */,
				0728366D1AD2F1FC00B158AC /* UIFont+Invite.swift */,
				07C19ADB1BC6DE6A000FACB4 /* UIImage+Invite.swift */,
			);
			name = Categories;
			sourceTree = "<group>";
		};
		073273E41A892BFB007700B3 = {
			isa = PBXGroup;
			children = (
				073273EF1A892BFB007700B3 /* Invite */,
				0732740C1A892BFB007700B3 /* InviteTests */,
				073273EE1A892BFB007700B3 /* Products */,
				0724632E1A8BD44200820834 /* Frameworks */,
			);
			sourceTree = "<group>";
		};
		073273EE1A892BFB007700B3 /* Products */ = {
			isa = PBXGroup;
			children = (
				073273ED1A892BFB007700B3 /* Invite.app */,
				073274091A892BFB007700B3 /* InviteTests.xctest */,
			);
			name = Products;
			sourceTree = "<group>";
		};
		073273EF1A892BFB007700B3 /* Invite */ = {
			isa = PBXGroup;
			children = (
				073273F41A892BFB007700B3 /* AppDelegate.h */,
				073273F51A892BFB007700B3 /* AppDelegate.m */,
				07E1FD8F1ACE4EDD00F619D0 /* AppDelegate.swift */,
				077811681AFF237800D5DC4D /* UserDefaults.swift */,
				0775B0731A93E6B000C15303 /* StringConstants.h */,
				07DDBF201AC7ACC50058E1CA /* Invite-Bridging-Header.h */,
				075249E51ACB397C00D279DA /* InviteTheme.swift */,
				070C88B91B069C01005E7CDD /* Reachability.h */,
				070C88BA1B069C01005E7CDD /* Reachability.m */,
				07F584AC1BBBB7DA00A529FA /* SwiftyJSON.swift */,
				078B35CD1BE02BC100ACDB5F /* Notification.swift */,
				07426B2C1BE32ACB00E25C0D /* AdCopyLabel.swift */,
				070DAA4A1AE8489C00E111F6 /* SDiPhoneVersion */,
				07D2D9C61AE616E2008E1733 /* OBGradientView */,
				075D10621ADC859D00C86130 /* SDWebImage */,
				072836771AD3188700B158AC /* Categories */,
				078924701AB369C5005EE7FB /* Launch */,
				078924711AB369CE005EE7FB /* Login */,
				07D01A321A9A9D5E00860650 /* Dashboard */,
				07D01A331A9A9D7900860650 /* Invitees */,
				07A313291A96AA410066EE3E /* Timeframe */,
				078924721AB369DC005EE7FB /* Location */,
				07B8EE521AAA2F22002B9962 /* Event */,
				070DAA501AE85D7300E111F6 /* Settings */,
				074B03091AD638C600B539A9 /* Cells */,
				07BC8E3A1ACB13EF0050C4E9 /* Views */,
				070C88BE1B0712A2005E7CDD /* Invitees Section */,
				07D01A341A9A9E7500860650 /* Model */,
				073273FD1A892BFB007700B3 /* Main.storyboard */,
				07426B2A1BE16D6900E25C0D /* AdCell.xib */,
				071F694E1A8C1A3D009A8380 /* Localizable.strings */,
				0728364A1AD2F02000B158AC /* Proxima Nova Collection */,
				073274001A892BFB007700B3 /* Images.xcassets */,
				073274021A892BFB007700B3 /* LaunchScreen.xib */,
				078B35D11BE0320600ACDB5F /* Sounds */,
				073273F01A892BFB007700B3 /* Supporting Files */,
			);
			path = Invite;
			sourceTree = "<group>";
		};
		073273F01A892BFB007700B3 /* Supporting Files */ = {
			isa = PBXGroup;
			children = (
				073273F11A892BFB007700B3 /* Info.plist */,
				073273F21A892BFB007700B3 /* main.m */,
			);
			name = "Supporting Files";
			sourceTree = "<group>";
		};
		0732740C1A892BFB007700B3 /* InviteTests */ = {
			isa = PBXGroup;
			children = (
				0732740F1A892BFB007700B3 /* InviteTests.m */,
				0732740D1A892BFB007700B3 /* Supporting Files */,
			);
			path = InviteTests;
			sourceTree = "<group>";
		};
		0732740D1A892BFB007700B3 /* Supporting Files */ = {
			isa = PBXGroup;
			children = (
				0732740E1A892BFB007700B3 /* Info.plist */,
			);
			name = "Supporting Files";
			sourceTree = "<group>";
		};
		074B03091AD638C600B539A9 /* Cells */ = {
			isa = PBXGroup;
			children = (
				07ADBEA01BE1455E00281096 /* AdCell.swift */,
				07D9DD3A1AD868B5008FF016 /* MapCell.swift */,
				07D9DD341AD83789008FF016 /* BasicCell.swift */,
				07D9DD361AD8386B008FF016 /* InputCell.swift */,
				07C19AD51BBCC604000FACB4 /* LocationCell.swift */,
				07719E3F1BAFC11200A99E20 /* NumberedInputCell.swift */,
				07D9DD381AD83E42008FF016 /* RadioCell.swift */,
				0714087A1AEE13FC0081F304 /* ProfileCell.swift */,
				077811661AFF216F00D5DC4D /* ToggleCell.swift */,
				0778116A1B01382600D5DC4D /* TitleDateCell.swift */,
				070C88B51B05227E005E7CDD /* LabelCell.swift */,
				07719E411BB0834800A99E20 /* PaddingCell.swift */,
				07719E431BB2165800A99E20 /* ButtonCell.swift */,
			);
			name = Cells;
			sourceTree = "<group>";
		};
		075D10621ADC859D00C86130 /* SDWebImage */ = {
			isa = PBXGroup;
			children = (
				075D10631ADC859D00C86130 /* MKAnnotationView+WebCache.h */,
				075D10641ADC859D00C86130 /* MKAnnotationView+WebCache.m */,
				075D10651ADC859D00C86130 /* NSData+ImageContentType.h */,
				075D10661ADC859D00C86130 /* NSData+ImageContentType.m */,
				075D10671ADC859D00C86130 /* SDImageCache.h */,
				075D10681ADC859D00C86130 /* SDImageCache.m */,
				075D10691ADC859D00C86130 /* SDWebImageCompat.h */,
				075D106A1ADC859D00C86130 /* SDWebImageCompat.m */,
				075D106B1ADC859D00C86130 /* SDWebImageDecoder.h */,
				075D106C1ADC859D00C86130 /* SDWebImageDecoder.m */,
				075D106D1ADC859D00C86130 /* SDWebImageDownloader.h */,
				075D106E1ADC859D00C86130 /* SDWebImageDownloader.m */,
				075D106F1ADC859D00C86130 /* SDWebImageDownloaderOperation.h */,
				075D10701ADC859D00C86130 /* SDWebImageDownloaderOperation.m */,
				075D10711ADC859D00C86130 /* SDWebImageManager.h */,
				075D10721ADC859D00C86130 /* SDWebImageManager.m */,
				075D10731ADC859D00C86130 /* SDWebImageOperation.h */,
				075D10741ADC859D00C86130 /* SDWebImagePrefetcher.h */,
				075D10751ADC859D00C86130 /* SDWebImagePrefetcher.m */,
				075D10761ADC859D00C86130 /* UIButton+WebCache.h */,
				075D10771ADC859D00C86130 /* UIButton+WebCache.m */,
				075D10781ADC859D00C86130 /* UIImage+GIF.h */,
				075D10791ADC859D00C86130 /* UIImage+GIF.m */,
				075D107A1ADC859D00C86130 /* UIImage+MultiFormat.h */,
				075D107B1ADC859D00C86130 /* UIImage+MultiFormat.m */,
				075D107C1ADC859D00C86130 /* UIImage+WebP.h */,
				075D107D1ADC859D00C86130 /* UIImage+WebP.m */,
				075D107E1ADC859D00C86130 /* UIImageView+HighlightedWebCache.h */,
				075D107F1ADC859D00C86130 /* UIImageView+HighlightedWebCache.m */,
				075D10801ADC859D00C86130 /* UIImageView+WebCache.h */,
				075D10811ADC859D00C86130 /* UIImageView+WebCache.m */,
				075D10821ADC859D00C86130 /* UIView+WebCacheOperation.h */,
				075D10831ADC859D00C86130 /* UIView+WebCacheOperation.m */,
			);
			path = SDWebImage;
			sourceTree = "<group>";
		};
		078924701AB369C5005EE7FB /* Launch */ = {
			isa = PBXGroup;
			children = (
				074AA5911A9C353C009DC152 /* LaunchViewController.h */,
				074AA5921A9C353C009DC152 /* LaunchViewController.m */,
			);
			name = Launch;
			sourceTree = "<group>";
		};
		078924711AB369CE005EE7FB /* Login */ = {
			isa = PBXGroup;
			children = (
				073273FA1A892BFB007700B3 /* LoginViewController.h */,
				073273FB1A892BFB007700B3 /* LoginViewController.m */,
			);
			name = Login;
			sourceTree = "<group>";
		};
		078924721AB369DC005EE7FB /* Location */ = {
			isa = PBXGroup;
			children = (
				07DDBF251AC7BEDA0058E1CA /* LocationViewController.swift */,
				07DDBF271AC7D12A0058E1CA /* LocationResultsViewController.swift */,
			);
			name = Location;
			sourceTree = "<group>";
		};
		078B35D11BE0320600ACDB5F /* Sounds */ = {
			isa = PBXGroup;
			children = (
				078B35D41BE0843000ACDB5F /* alert_43.mp3 */,
			);
			name = Sounds;
			sourceTree = "<group>";
		};
		07A313291A96AA410066EE3E /* Timeframe */ = {
			isa = PBXGroup;
			children = (
				074ABE921AE47ACE00C093C7 /* TimeframePickerViewController.swift */,
			);
			name = Timeframe;
			sourceTree = "<group>";
		};
		07B8EE521AAA2F22002B9962 /* Event */ = {
			isa = PBXGroup;
			children = (
				07B8EE4F1AAA2F17002B9962 /* EventViewController.h */,
				07B8EE501AAA2F17002B9962 /* EventViewController.m */,
			);
			name = Event;
			sourceTree = "<group>";
		};
		07BC8E3A1ACB13EF0050C4E9 /* Views */ = {
			isa = PBXGroup;
			children = (
				07BC8E381ACB13EB0050C4E9 /* ProfileImageView.swift */,
				071408731AEC9D660081F304 /* DatePickerView.swift */,
				07C19AE11BC9F552000FACB4 /* ResponseButtonView.swift */,
			);
			name = Views;
			sourceTree = "<group>";
		};
		07D01A321A9A9D5E00860650 /* Dashboard */ = {
			isa = PBXGroup;
			children = (
				07C19AD71BC2EA97000FACB4 /* DashboardViewController.swift */,
				07C19AD91BC2F3C6000FACB4 /* DashboardCell.swift */,
				072D3D321BE875F6003C1E58 /* DashboardNeedsResponseCell.swift */,
				071C90D11BE89214009126E5 /* DashboardNextEventCell.swift */,
				07D2D9C41AE5A6D4008E1733 /* DashboardOnboardingView.swift */,
			);
			name = Dashboard;
			sourceTree = "<group>";
		};
		07D01A331A9A9D7900860650 /* Invitees */ = {
			isa = PBXGroup;
			children = (
				07F9AAD41BB49A76003299C3 /* InviteesViewController.swift */,
			);
			name = Invitees;
			sourceTree = "<group>";
		};
		07D01A341A9A9E7500860650 /* Model */ = {
			isa = PBXGroup;
			children = (
				0755CE471A8D22E500FF05B7 /* User.h */,
				0755CE481A8D22E500FF05B7 /* User.m */,
				0786EB7B1A8E70ED006FDCA6 /* Event.h */,
				0786EB7C1A8E70ED006FDCA6 /* Event.m */,
				073029EC1BB3954B00E2266E /* Reservation.swift */,
			);
			name = Model;
			sourceTree = "<group>";
		};
		07D2D9C61AE616E2008E1733 /* OBGradientView */ = {
			isa = PBXGroup;
			children = (
				07D2D9C71AE616E2008E1733 /* OBGradientView.h */,
				07D2D9C81AE616E2008E1733 /* OBGradientView.m */,
			);
			path = OBGradientView;
			sourceTree = "<group>";
		};
/* End PBXGroup section */

/* Begin PBXNativeTarget section */
		073273EC1A892BFB007700B3 /* Invite */ = {
			isa = PBXNativeTarget;
			buildConfigurationList = 073274131A892BFB007700B3 /* Build configuration list for PBXNativeTarget "Invite" */;
			buildPhases = (
				073273E91A892BFB007700B3 /* Sources */,
				073273EA1A892BFB007700B3 /* Frameworks */,
				073273EB1A892BFB007700B3 /* Resources */,
				071338BF1AFC795B002B07D3 /* ShellScript */,
			);
			buildRules = (
			);
			dependencies = (
			);
			name = Invite;
			productName = Invite;
			productReference = 073273ED1A892BFB007700B3 /* Invite.app */;
			productType = "com.apple.product-type.application";
		};
		073274081A892BFB007700B3 /* InviteTests */ = {
			isa = PBXNativeTarget;
			buildConfigurationList = 073274161A892BFB007700B3 /* Build configuration list for PBXNativeTarget "InviteTests" */;
			buildPhases = (
				073274051A892BFB007700B3 /* Sources */,
				073274061A892BFB007700B3 /* Frameworks */,
				073274071A892BFB007700B3 /* Resources */,
			);
			buildRules = (
			);
			dependencies = (
				0732740B1A892BFB007700B3 /* PBXTargetDependency */,
			);
			name = InviteTests;
			productName = InviteTests;
			productReference = 073274091A892BFB007700B3 /* InviteTests.xctest */;
			productType = "com.apple.product-type.bundle.unit-test";
		};
/* End PBXNativeTarget section */

/* Begin PBXProject section */
		073273E51A892BFB007700B3 /* Project object */ = {
			isa = PBXProject;
			attributes = {
				LastSwiftMigration = 0700;
				LastSwiftUpdateCheck = 0700;
				LastUpgradeCheck = 0700;
				ORGANIZATIONNAME = Appuous;
				TargetAttributes = {
					073273EC1A892BFB007700B3 = {
						CreatedOnToolsVersion = 6.2;
						DevelopmentTeam = ALEG5397F7;
						SystemCapabilities = {
							com.apple.Push = {
								enabled = 1;
							};
						};
					};
					073274081A892BFB007700B3 = {
						CreatedOnToolsVersion = 6.2;
						TestTargetID = 073273EC1A892BFB007700B3;
					};
				};
			};
			buildConfigurationList = 073273E81A892BFB007700B3 /* Build configuration list for PBXProject "Invite" */;
			compatibilityVersion = "Xcode 3.2";
			developmentRegion = English;
			hasScannedForEncodings = 0;
			knownRegions = (
				en,
				Base,
			);
			mainGroup = 073273E41A892BFB007700B3;
			productRefGroup = 073273EE1A892BFB007700B3 /* Products */;
			projectDirPath = "";
			projectRoot = "";
			targets = (
				073273EC1A892BFB007700B3 /* Invite */,
				073274081A892BFB007700B3 /* InviteTests */,
			);
		};
/* End PBXProject section */

/* Begin PBXResourcesBuildPhase section */
		073273EB1A892BFB007700B3 /* Resources */ = {
			isa = PBXResourcesBuildPhase;
			buildActionMask = 2147483647;
			files = (
				078B35D61BE0843000ACDB5F /* alert_43.mp3 in Resources */,
				072460E51BE1381700DAA4DB /* TwitterKitResources.bundle in Resources */,
				0728366A1AD2F02000B158AC /* ProximaNovaCond-RegularIt.otf in Resources */,
				072836611AD2F02000B158AC /* ProximaNova-LightItalic.otf in Resources */,
				0728365F1AD2F02000B158AC /* ProximaNova-Extrabold.otf in Resources */,
				073273FF1A892BFB007700B3 /* Main.storyboard in Resources */,
				072836681AD2F02000B158AC /* ProximaNovaCond-LightIt.otf in Resources */,
				0728365D1AD2F02000B158AC /* ProximaNova-Bold.otf in Resources */,
				072836641AD2F02000B158AC /* ProximaNova-RegularItalic.otf in Resources */,
				0728366B1AD2F02000B158AC /* ProximaNovaCond-Semibold.otf in Resources */,
				07426B2B1BE16D6900E25C0D /* AdCell.xib in Resources */,
				0728365C1AD2F02000B158AC /* ProximaNova-Black.otf in Resources */,
				072836651AD2F02000B158AC /* ProximaNova-Semibold.otf in Resources */,
				072836601AD2F02000B158AC /* ProximaNova-Light.otf in Resources */,
				072836691AD2F02000B158AC /* ProximaNovaCond-Regular.otf in Resources */,
				0728365E1AD2F02000B158AC /* ProximaNova-BoldIt.otf in Resources */,
				0728366C1AD2F02000B158AC /* ProximaNovaCond-SemiboldIt.otf in Resources */,
				071F694F1A8C1A3D009A8380 /* Localizable.strings in Resources */,
				072836661AD2F02000B158AC /* ProximaNova-SemiboldItalic.otf in Resources */,
				072836621AD2F02000B158AC /* ProximaNova-RegItalic.otf in Resources */,
				073274041A892BFB007700B3 /* LaunchScreen.xib in Resources */,
				072836631AD2F02000B158AC /* ProximaNova-Regular.otf in Resources */,
				072836671AD2F02000B158AC /* ProximaNovaCond-Light.otf in Resources */,
				073274011A892BFB007700B3 /* Images.xcassets in Resources */,
			);
			runOnlyForDeploymentPostprocessing = 0;
		};
		073274071A892BFB007700B3 /* Resources */ = {
			isa = PBXResourcesBuildPhase;
			buildActionMask = 2147483647;
			files = (
			);
			runOnlyForDeploymentPostprocessing = 0;
		};
/* End PBXResourcesBuildPhase section */

/* Begin PBXShellScriptBuildPhase section */
		071338BF1AFC795B002B07D3 /* ShellScript */ = {
			isa = PBXShellScriptBuildPhase;
			buildActionMask = 2147483647;
			files = (
			);
			inputPaths = (
			);
			outputPaths = (
			);
			runOnlyForDeploymentPostprocessing = 0;
			shellPath = /bin/sh;
			shellScript = "/Users/rjennings/Documents/Crashlytics/Fabric.framework/run 69e405bd07d73937600dcbd2da3d50d7bf01ce05 cfb6fa402d2a1d4f266671745aff45fdd06653aedc4eaab19642a6574a11f4f2";
		};
/* End PBXShellScriptBuildPhase section */

/* Begin PBXSourcesBuildPhase section */
		073273E91A892BFB007700B3 /* Sources */ = {
			isa = PBXSourcesBuildPhase;
			buildActionMask = 2147483647;
			files = (
				07BC8E391ACB13EB0050C4E9 /* ProfileImageView.swift in Sources */,
				07F9AAD51BB49A76003299C3 /* InviteesViewController.swift in Sources */,
				07D9DD371AD8386B008FF016 /* InputCell.swift in Sources */,
				07D2D9C91AE616E2008E1733 /* OBGradientView.m in Sources */,
				07D2D9C51AE5A6D4008E1733 /* DashboardOnboardingView.swift in Sources */,
				071408741AEC9D660081F304 /* DatePickerView.swift in Sources */,
				0755CE491A8D22E500FF05B7 /* User.m in Sources */,
				07D9DD391AD83E42008FF016 /* RadioCell.swift in Sources */,
				07B8EE511AAA2F17002B9962 /* EventViewController.m in Sources */,
				07C19ADC1BC6DE6A000FACB4 /* UIImage+Invite.swift in Sources */,
				07E1FD901ACE4EDD00F619D0 /* AppDelegate.swift in Sources */,
				075D10931ADC859D00C86130 /* UIView+WebCacheOperation.m in Sources */,
				07DDBF281AC7D12A0058E1CA /* LocationResultsViewController.swift in Sources */,
				073029ED1BB3954B00E2266E /* Reservation.swift in Sources */,
				074ABE931AE47ACE00C093C7 /* TimeframePickerViewController.swift in Sources */,
				075D10881ADC859D00C86130 /* SDWebImageDecoder.m in Sources */,
				0778116B1B01382600D5DC4D /* TitleDateCell.swift in Sources */,
				0728366E1AD2F1FC00B158AC /* UIFont+Invite.swift in Sources */,
				075D108B1ADC859D00C86130 /* SDWebImageManager.m in Sources */,
				070DAA4F1AE85D6900E111F6 /* SettingsViewController.swift in Sources */,
				07D9DD351AD83789008FF016 /* BasicCell.swift in Sources */,
				074437791AE025D0002A6C4D /* InviteesSectionViewController.m in Sources */,
				075D10911ADC859D00C86130 /* UIImageView+HighlightedWebCache.m in Sources */,
				075D108E1ADC859D00C86130 /* UIImage+GIF.m in Sources */,
				07C19AE21BC9F552000FACB4 /* ResponseButtonView.swift in Sources */,
				073273F61A892BFB007700B3 /* AppDelegate.m in Sources */,
				075D10861ADC859D00C86130 /* SDImageCache.m in Sources */,
				077811691AFF237800D5DC4D /* UserDefaults.swift in Sources */,
				07ADBEA11BE1455E00281096 /* AdCell.swift in Sources */,
				07C19ADA1BC2F3C6000FACB4 /* DashboardCell.swift in Sources */,
				072D3D331BE875F6003C1E58 /* DashboardNeedsResponseCell.swift in Sources */,
				075D10841ADC859D00C86130 /* MKAnnotationView+WebCache.m in Sources */,
				075D108A1ADC859D00C86130 /* SDWebImageDownloaderOperation.m in Sources */,
				07C19AE01BC9DFD2000FACB4 /* UIView+Invite.swift in Sources */,
				07E1FD8E1ACDA90200F619D0 /* UIColor+Invite.swift in Sources */,
				07D9DD3B1AD868B5008FF016 /* MapCell.swift in Sources */,
				075D108D1ADC859D00C86130 /* UIButton+WebCache.m in Sources */,
				075249E61ACB397C00D279DA /* InviteTheme.swift in Sources */,
				075D10891ADC859D00C86130 /* SDWebImageDownloader.m in Sources */,
				078B35CE1BE02BC100ACDB5F /* Notification.swift in Sources */,
				075D10851ADC859D00C86130 /* NSData+ImageContentType.m in Sources */,
				073273F31A892BFB007700B3 /* main.m in Sources */,
				0786EB7D1A8E70ED006FDCA6 /* Event.m in Sources */,
				075D10901ADC859D00C86130 /* UIImage+WebP.m in Sources */,
				07426B2D1BE32ACB00E25C0D /* AdCopyLabel.swift in Sources */,
				073273FC1A892BFB007700B3 /* LoginViewController.m in Sources */,
				074AA5931A9C353C009DC152 /* LaunchViewController.m in Sources */,
				075D108C1ADC859D00C86130 /* SDWebImagePrefetcher.m in Sources */,
				075D108F1ADC859D00C86130 /* UIImage+MultiFormat.m in Sources */,
				075D10871ADC859D00C86130 /* SDWebImageCompat.m in Sources */,
				072836761AD315BF00B158AC /* UIView+Invite.m in Sources */,
				07719E421BB0834800A99E20 /* PaddingCell.swift in Sources */,
				070C88B61B05227F005E7CDD /* LabelCell.swift in Sources */,
				071C90D21BE89214009126E5 /* DashboardNextEventCell.swift in Sources */,
				07F584AD1BBBB7DA00A529FA /* SwiftyJSON.swift in Sources */,
				07719E401BAFC11200A99E20 /* NumberedInputCell.swift in Sources */,
				07719E441BB2165800A99E20 /* ButtonCell.swift in Sources */,
				070C88BB1B069C01005E7CDD /* Reachability.m in Sources */,
				07DDBF261AC7BEDA0058E1CA /* LocationViewController.swift in Sources */,
				077811671AFF216F00D5DC4D /* ToggleCell.swift in Sources */,
				075D10921ADC859D00C86130 /* UIImageView+WebCache.m in Sources */,
				0744377B1AE02A37002A6C4D /* InviteesCollectionCell.swift in Sources */,
				0714087B1AEE13FC0081F304 /* ProfileCell.swift in Sources */,
				07C19AD61BBCC604000FACB4 /* LocationCell.swift in Sources */,
				070DAA4D1AE8489C00E111F6 /* SDiPhoneVersion.m in Sources */,
				07C19AD81BC2EA97000FACB4 /* DashboardViewController.swift in Sources */,
			);
			runOnlyForDeploymentPostprocessing = 0;
		};
		073274051A892BFB007700B3 /* Sources */ = {
			isa = PBXSourcesBuildPhase;
			buildActionMask = 2147483647;
			files = (
				073274101A892BFB007700B3 /* InviteTests.m in Sources */,
			);
			runOnlyForDeploymentPostprocessing = 0;
		};
/* End PBXSourcesBuildPhase section */

/* Begin PBXTargetDependency section */
		0732740B1A892BFB007700B3 /* PBXTargetDependency */ = {
			isa = PBXTargetDependency;
			target = 073273EC1A892BFB007700B3 /* Invite */;
			targetProxy = 0732740A1A892BFB007700B3 /* PBXContainerItemProxy */;
		};
/* End PBXTargetDependency section */

/* Begin PBXVariantGroup section */
		073273FD1A892BFB007700B3 /* Main.storyboard */ = {
			isa = PBXVariantGroup;
			children = (
				073273FE1A892BFB007700B3 /* Base */,
				07C2098C1A8C2159002B3961 /* en */,
			);
			name = Main.storyboard;
			sourceTree = "<group>";
		};
		073274021A892BFB007700B3 /* LaunchScreen.xib */ = {
			isa = PBXVariantGroup;
			children = (
				073274031A892BFB007700B3 /* Base */,
			);
			name = LaunchScreen.xib;
			sourceTree = "<group>";
		};
/* End PBXVariantGroup section */

/* Begin XCBuildConfiguration section */
		073274111A892BFB007700B3 /* Debug */ = {
			isa = XCBuildConfiguration;
			buildSettings = {
				ALWAYS_SEARCH_USER_PATHS = NO;
				CLANG_CXX_LANGUAGE_STANDARD = "gnu++0x";
				CLANG_CXX_LIBRARY = "libc++";
				CLANG_ENABLE_MODULES = YES;
				CLANG_ENABLE_OBJC_ARC = YES;
				CLANG_WARN_BOOL_CONVERSION = YES;
				CLANG_WARN_CONSTANT_CONVERSION = YES;
				CLANG_WARN_DIRECT_OBJC_ISA_USAGE = YES_ERROR;
				CLANG_WARN_EMPTY_BODY = YES;
				CLANG_WARN_ENUM_CONVERSION = YES;
				CLANG_WARN_INT_CONVERSION = YES;
				CLANG_WARN_OBJC_ROOT_CLASS = YES_ERROR;
				CLANG_WARN_UNREACHABLE_CODE = YES;
				CLANG_WARN__DUPLICATE_METHOD_MATCH = YES;
				CODE_SIGN_IDENTITY = "iPhone Developer";
				"CODE_SIGN_IDENTITY[sdk=iphoneos*]" = "iPhone Developer";
				COPY_PHASE_STRIP = NO;
				ENABLE_STRICT_OBJC_MSGSEND = YES;
				ENABLE_TESTABILITY = YES;
				GCC_C_LANGUAGE_STANDARD = gnu99;
				GCC_DYNAMIC_NO_PIC = NO;
				GCC_OPTIMIZATION_LEVEL = 0;
				GCC_PREPROCESSOR_DEFINITIONS = (
					"DEBUG=1",
					"$(inherited)",
				);
				GCC_SYMBOLS_PRIVATE_EXTERN = NO;
				GCC_WARN_64_TO_32_BIT_CONVERSION = YES;
				GCC_WARN_ABOUT_RETURN_TYPE = YES_ERROR;
				GCC_WARN_UNDECLARED_SELECTOR = YES;
				GCC_WARN_UNINITIALIZED_AUTOS = YES_AGGRESSIVE;
				GCC_WARN_UNUSED_FUNCTION = YES;
				GCC_WARN_UNUSED_VARIABLE = YES;
				IPHONEOS_DEPLOYMENT_TARGET = 8.2;
				MTL_ENABLE_DEBUG_INFO = YES;
				ONLY_ACTIVE_ARCH = YES;
				SDKROOT = iphoneos;
			};
			name = Debug;
		};
		073274121A892BFB007700B3 /* Release */ = {
			isa = XCBuildConfiguration;
			buildSettings = {
				ALWAYS_SEARCH_USER_PATHS = NO;
				CLANG_CXX_LANGUAGE_STANDARD = "gnu++0x";
				CLANG_CXX_LIBRARY = "libc++";
				CLANG_ENABLE_MODULES = YES;
				CLANG_ENABLE_OBJC_ARC = YES;
				CLANG_WARN_BOOL_CONVERSION = YES;
				CLANG_WARN_CONSTANT_CONVERSION = YES;
				CLANG_WARN_DIRECT_OBJC_ISA_USAGE = YES_ERROR;
				CLANG_WARN_EMPTY_BODY = YES;
				CLANG_WARN_ENUM_CONVERSION = YES;
				CLANG_WARN_INT_CONVERSION = YES;
				CLANG_WARN_OBJC_ROOT_CLASS = YES_ERROR;
				CLANG_WARN_UNREACHABLE_CODE = YES;
				CLANG_WARN__DUPLICATE_METHOD_MATCH = YES;
				CODE_SIGN_IDENTITY = "iPhone Developer";
				"CODE_SIGN_IDENTITY[sdk=iphoneos*]" = "iPhone Developer";
				COPY_PHASE_STRIP = NO;
				ENABLE_NS_ASSERTIONS = NO;
				ENABLE_STRICT_OBJC_MSGSEND = YES;
				GCC_C_LANGUAGE_STANDARD = gnu99;
				GCC_WARN_64_TO_32_BIT_CONVERSION = YES;
				GCC_WARN_ABOUT_RETURN_TYPE = YES_ERROR;
				GCC_WARN_UNDECLARED_SELECTOR = YES;
				GCC_WARN_UNINITIALIZED_AUTOS = YES_AGGRESSIVE;
				GCC_WARN_UNUSED_FUNCTION = YES;
				GCC_WARN_UNUSED_VARIABLE = YES;
				IPHONEOS_DEPLOYMENT_TARGET = 8.2;
				MTL_ENABLE_DEBUG_INFO = NO;
				SDKROOT = iphoneos;
				VALIDATE_PRODUCT = YES;
			};
			name = Release;
		};
		073274141A892BFB007700B3 /* Debug */ = {
			isa = XCBuildConfiguration;
			buildSettings = {
				ASSETCATALOG_COMPILER_APPICON_NAME = AppIcon;
				CLANG_ENABLE_MODULES = YES;
				CODE_SIGN_IDENTITY = "iPhone Developer";
				"CODE_SIGN_IDENTITY[sdk=iphoneos*]" = "iPhone Developer";
				DEFINES_MODULE = YES;
				EMBEDDED_CONTENT_CONTAINS_SWIFT = YES;
				ENABLE_BITCODE = NO;
				FRAMEWORK_SEARCH_PATHS = (
					"$(inherited)",
					"$(PROJECT_DIR)",
					"/Users/rjennings/Documents/parse-library",
					/Users/rjennings/Documents/FacebookSDK,
					/Users/rjennings/Documents/Crashlytics,
				);
				INFOPLIST_FILE = Invite/Info.plist;
				IPHONEOS_DEPLOYMENT_TARGET = 8.0;
				LD_RUNPATH_SEARCH_PATHS = "$(inherited) @executable_path/Frameworks";
				OTHER_LDFLAGS = "";
				PRODUCT_BUNDLE_IDENTIFIER = "com.appuous.$(PRODUCT_NAME:rfc1034identifier)";
				PRODUCT_NAME = "$(TARGET_NAME)";
				PROVISIONING_PROFILE = "";
				SWIFT_OBJC_BRIDGING_HEADER = "Invite/Invite-Bridging-Header.h";
				SWIFT_OPTIMIZATION_LEVEL = "-Onone";
				TARGETED_DEVICE_FAMILY = "1,2";
			};
			name = Debug;
		};
		073274151A892BFB007700B3 /* Release */ = {
			isa = XCBuildConfiguration;
			buildSettings = {
				ASSETCATALOG_COMPILER_APPICON_NAME = AppIcon;
				CLANG_ENABLE_MODULES = YES;
				CODE_SIGN_IDENTITY = "iPhone Developer";
				"CODE_SIGN_IDENTITY[sdk=iphoneos*]" = "iPhone Developer";
				DEFINES_MODULE = YES;
				EMBEDDED_CONTENT_CONTAINS_SWIFT = YES;
				ENABLE_BITCODE = NO;
				FRAMEWORK_SEARCH_PATHS = (
					"$(inherited)",
					"$(PROJECT_DIR)",
					"/Users/rjennings/Documents/parse-library",
					/Users/rjennings/Documents/FacebookSDK,
					/Users/rjennings/Documents/Crashlytics,
				);
				INFOPLIST_FILE = Invite/Info.plist;
				IPHONEOS_DEPLOYMENT_TARGET = 8.0;
				LD_RUNPATH_SEARCH_PATHS = "$(inherited) @executable_path/Frameworks";
				OTHER_LDFLAGS = "";
				PRODUCT_BUNDLE_IDENTIFIER = "com.appuous.$(PRODUCT_NAME:rfc1034identifier)";
				PRODUCT_NAME = "$(TARGET_NAME)";
				PROVISIONING_PROFILE = "";
				SWIFT_OBJC_BRIDGING_HEADER = "Invite/Invite-Bridging-Header.h";
				SWIFT_OPTIMIZATION_LEVEL = "-O";
				TARGETED_DEVICE_FAMILY = "1,2";
			};
			name = Release;
		};
		073274171A892BFB007700B3 /* Debug */ = {
			isa = XCBuildConfiguration;
			buildSettings = {
				BUNDLE_LOADER = "$(TEST_HOST)";
				FRAMEWORK_SEARCH_PATHS = "";
				GCC_PREPROCESSOR_DEFINITIONS = (
					"DEBUG=1",
					"$(inherited)",
				);
				INFOPLIST_FILE = InviteTests/Info.plist;
				LD_RUNPATH_SEARCH_PATHS = "$(inherited) @executable_path/Frameworks @loader_path/Frameworks";
				PRODUCT_BUNDLE_IDENTIFIER = "com.appuous.$(PRODUCT_NAME:rfc1034identifier)";
				PRODUCT_NAME = "$(TARGET_NAME)";
				TEST_HOST = "$(BUILT_PRODUCTS_DIR)/Invite.app/Invite";
			};
			name = Debug;
		};
		073274181A892BFB007700B3 /* Release */ = {
			isa = XCBuildConfiguration;
			buildSettings = {
				BUNDLE_LOADER = "$(TEST_HOST)";
				FRAMEWORK_SEARCH_PATHS = "";
				INFOPLIST_FILE = InviteTests/Info.plist;
				LD_RUNPATH_SEARCH_PATHS = "$(inherited) @executable_path/Frameworks @loader_path/Frameworks";
				PRODUCT_BUNDLE_IDENTIFIER = "com.appuous.$(PRODUCT_NAME:rfc1034identifier)";
				PRODUCT_NAME = "$(TARGET_NAME)";
				TEST_HOST = "$(BUILT_PRODUCTS_DIR)/Invite.app/Invite";
			};
			name = Release;
		};
/* End XCBuildConfiguration section */

/* Begin XCConfigurationList section */
		073273E81A892BFB007700B3 /* Build configuration list for PBXProject "Invite" */ = {
			isa = XCConfigurationList;
			buildConfigurations = (
				073274111A892BFB007700B3 /* Debug */,
				073274121A892BFB007700B3 /* Release */,
			);
			defaultConfigurationIsVisible = 0;
			defaultConfigurationName = Release;
		};
		073274131A892BFB007700B3 /* Build configuration list for PBXNativeTarget "Invite" */ = {
			isa = XCConfigurationList;
			buildConfigurations = (
				073274141A892BFB007700B3 /* Debug */,
				073274151A892BFB007700B3 /* Release */,
			);
			defaultConfigurationIsVisible = 0;
			defaultConfigurationName = Release;
		};
		073274161A892BFB007700B3 /* Build configuration list for PBXNativeTarget "InviteTests" */ = {
			isa = XCConfigurationList;
			buildConfigurations = (
				073274171A892BFB007700B3 /* Debug */,
				073274181A892BFB007700B3 /* Release */,
			);
			defaultConfigurationIsVisible = 0;
			defaultConfigurationName = Release;
		};
/* End XCConfigurationList section */
	};
	rootObject = 073273E51A892BFB007700B3 /* Project object */;
}
