// !$*UTF8*$!
{
	archiveVersion = 1;
	classes = {
	};
	objectVersion = 46;
	objects = {

/* Begin PBXBuildFile section */
		071F694D1A8C143F009A8380 /* DashboardViewController.m in Sources */ = {isa = PBXBuildFile; fileRef = 071F694C1A8C143F009A8380 /* DashboardViewController.m */; };
		071F694F1A8C1A3D009A8380 /* Localizable.strings in Resources */ = {isa = PBXBuildFile; fileRef = 071F694E1A8C1A3D009A8380 /* Localizable.strings */; };
		072463161A8BD3AA00820834 /* Bolts.framework in Frameworks */ = {isa = PBXBuildFile; fileRef = 072463141A8BD3AA00820834 /* Bolts.framework */; };
		072463171A8BD3AA00820834 /* Parse.framework in Frameworks */ = {isa = PBXBuildFile; fileRef = 072463151A8BD3AA00820834 /* Parse.framework */; };
		072463191A8BD3C400820834 /* AudioToolbox.framework in Frameworks */ = {isa = PBXBuildFile; fileRef = 072463181A8BD3C400820834 /* AudioToolbox.framework */; };
		0724631B1A8BD3D000820834 /* CFNetwork.framework in Frameworks */ = {isa = PBXBuildFile; fileRef = 0724631A1A8BD3D000820834 /* CFNetwork.framework */; };
		0724631D1A8BD3D800820834 /* CoreGraphics.framework in Frameworks */ = {isa = PBXBuildFile; fileRef = 0724631C1A8BD3D800820834 /* CoreGraphics.framework */; };
		0724631F1A8BD3E100820834 /* CoreLocation.framework in Frameworks */ = {isa = PBXBuildFile; fileRef = 0724631E1A8BD3E100820834 /* CoreLocation.framework */; };
		072463211A8BD3EB00820834 /* MobileCoreServices.framework in Frameworks */ = {isa = PBXBuildFile; fileRef = 072463201A8BD3EB00820834 /* MobileCoreServices.framework */; };
		072463231A8BD3F300820834 /* QuartzCore.framework in Frameworks */ = {isa = PBXBuildFile; fileRef = 072463221A8BD3F300820834 /* QuartzCore.framework */; };
		072463251A8BD3FA00820834 /* Security.framework in Frameworks */ = {isa = PBXBuildFile; fileRef = 072463241A8BD3FA00820834 /* Security.framework */; };
		072463271A8BD40300820834 /* StoreKit.framework in Frameworks */ = {isa = PBXBuildFile; fileRef = 072463261A8BD40300820834 /* StoreKit.framework */; };
		072463291A8BD40D00820834 /* SystemConfiguration.framework in Frameworks */ = {isa = PBXBuildFile; fileRef = 072463281A8BD40D00820834 /* SystemConfiguration.framework */; };
		0724632B1A8BD41900820834 /* libz.dylib in Frameworks */ = {isa = PBXBuildFile; fileRef = 0724632A1A8BD41900820834 /* libz.dylib */; };
		0724632D1A8BD42900820834 /* libsqlite3.dylib in Frameworks */ = {isa = PBXBuildFile; fileRef = 0724632C1A8BD42900820834 /* libsqlite3.dylib */; };
		072463301A8BD61A00820834 /* FacebookSDK.framework in Frameworks */ = {isa = PBXBuildFile; fileRef = 0724632F1A8BD61A00820834 /* FacebookSDK.framework */; };
		073273F31A892BFB007700B3 /* main.m in Sources */ = {isa = PBXBuildFile; fileRef = 073273F21A892BFB007700B3 /* main.m */; };
		073273F61A892BFB007700B3 /* AppDelegate.m in Sources */ = {isa = PBXBuildFile; fileRef = 073273F51A892BFB007700B3 /* AppDelegate.m */; };
		073273F91A892BFB007700B3 /* Invite.xcdatamodeld in Sources */ = {isa = PBXBuildFile; fileRef = 073273F71A892BFB007700B3 /* Invite.xcdatamodeld */; };
		073273FC1A892BFB007700B3 /* LoginViewController.m in Sources */ = {isa = PBXBuildFile; fileRef = 073273FB1A892BFB007700B3 /* LoginViewController.m */; };
		073273FF1A892BFB007700B3 /* Main.storyboard in Resources */ = {isa = PBXBuildFile; fileRef = 073273FD1A892BFB007700B3 /* Main.storyboard */; };
		073274011A892BFB007700B3 /* Images.xcassets in Resources */ = {isa = PBXBuildFile; fileRef = 073274001A892BFB007700B3 /* Images.xcassets */; };
		073274041A892BFB007700B3 /* LaunchScreen.xib in Resources */ = {isa = PBXBuildFile; fileRef = 073274021A892BFB007700B3 /* LaunchScreen.xib */; };
		073274101A892BFB007700B3 /* InviteTests.m in Sources */ = {isa = PBXBuildFile; fileRef = 0732740F1A892BFB007700B3 /* InviteTests.m */; };
		073845181A969CFB00E2929A /* Timeframe.m in Sources */ = {isa = PBXBuildFile; fileRef = 073845171A969CFB00E2929A /* Timeframe.m */; };
		0738451B1A96A6A200E2929A /* TimeframeCollectionCell.m in Sources */ = {isa = PBXBuildFile; fileRef = 0738451A1A96A6A200E2929A /* TimeframeCollectionCell.m */; };
		074AA5931A9C353C009DC152 /* LaunchViewController.m in Sources */ = {isa = PBXBuildFile; fileRef = 074AA5921A9C353C009DC152 /* LaunchViewController.m */; };
		074FF55C1A965924000483FF /* TimeframeViewController.m in Sources */ = {isa = PBXBuildFile; fileRef = 074FF55B1A965924000483FF /* TimeframeViewController.m */; };
		075249E61ACB397C00D279DA /* InviteTheme.swift in Sources */ = {isa = PBXBuildFile; fileRef = 075249E51ACB397C00D279DA /* InviteTheme.swift */; };
		0755CE491A8D22E500FF05B7 /* User.m in Sources */ = {isa = PBXBuildFile; fileRef = 0755CE481A8D22E500FF05B7 /* User.m */; };
		075ED6281A994FEC0015F9E6 /* BusyDetails.m in Sources */ = {isa = PBXBuildFile; fileRef = 075ED6271A994FEC0015F9E6 /* BusyDetails.m */; };
		0775B0721A93BFB900C15303 /* InviteesViewController.m in Sources */ = {isa = PBXBuildFile; fileRef = 0775B0711A93BFB900C15303 /* InviteesViewController.m */; };
		0786EB7D1A8E70ED006FDCA6 /* Event.m in Sources */ = {isa = PBXBuildFile; fileRef = 0786EB7C1A8E70ED006FDCA6 /* Event.m */; };
		078924741AB36DCE005EE7FB /* MapKit.framework in Frameworks */ = {isa = PBXBuildFile; fileRef = 078924731AB36DCE005EE7FB /* MapKit.framework */; };
		07A1DBB51AABBE9800CABF89 /* EventEditCell.m in Sources */ = {isa = PBXBuildFile; fileRef = 07A1DBB41AABBE9800CABF89 /* EventEditCell.m */; };
		07B65A341AA4D81700A6F1A2 /* TimeframeCollectionLayout.m in Sources */ = {isa = PBXBuildFile; fileRef = 07B65A331AA4D81700A6F1A2 /* TimeframeCollectionLayout.m */; };
		07B8EE511AAA2F17002B9962 /* EventViewController.m in Sources */ = {isa = PBXBuildFile; fileRef = 07B8EE501AAA2F17002B9962 /* EventViewController.m */; };
		07B8EE551AAA326F002B9962 /* EventRSVPCell.m in Sources */ = {isa = PBXBuildFile; fileRef = 07B8EE541AAA326F002B9962 /* EventRSVPCell.m */; };
		07B8EE581AAA5ADF002B9962 /* EventTextCell.m in Sources */ = {isa = PBXBuildFile; fileRef = 07B8EE571AAA5ADF002B9962 /* EventTextCell.m */; };
		07BC8E391ACB13EB0050C4E9 /* ProfileImageView.swift in Sources */ = {isa = PBXBuildFile; fileRef = 07BC8E381ACB13EB0050C4E9 /* ProfileImageView.swift */; };
		07BC8E3C1ACB29CE0050C4E9 /* DashboardEventCell.swift in Sources */ = {isa = PBXBuildFile; fileRef = 07BC8E3B1ACB29CE0050C4E9 /* DashboardEventCell.swift */; };
		07DDBF221AC7ACC60058E1CA /* LocationSavedViewController.swift in Sources */ = {isa = PBXBuildFile; fileRef = 07DDBF211AC7ACC60058E1CA /* LocationSavedViewController.swift */; };
		07DDBF241AC7B4090058E1CA /* LocationAnnotation.xib in Resources */ = {isa = PBXBuildFile; fileRef = 07DDBF231AC7B4090058E1CA /* LocationAnnotation.xib */; };
		07DDBF261AC7BEDA0058E1CA /* LocationNewViewController.swift in Sources */ = {isa = PBXBuildFile; fileRef = 07DDBF251AC7BEDA0058E1CA /* LocationNewViewController.swift */; };
		07DDBF281AC7D12A0058E1CA /* LocationResultsViewController.swift in Sources */ = {isa = PBXBuildFile; fileRef = 07DDBF271AC7D12A0058E1CA /* LocationResultsViewController.swift */; };
		07DDBF341ACB096B0058E1CA /* GooglePlacesAutocomplete.swift in Sources */ = {isa = PBXBuildFile; fileRef = 07DDBF301ACB096B0058E1CA /* GooglePlacesAutocomplete.swift */; };
		07DDBF351ACB096B0058E1CA /* GooglePlacesAutocomplete.xib in Resources */ = {isa = PBXBuildFile; fileRef = 07DDBF311ACB096B0058E1CA /* GooglePlacesAutocomplete.xib */; };
		07E1D0D91AAE550700D4B9D1 /* ParseUI.framework in Frameworks */ = {isa = PBXBuildFile; fileRef = 07E1D0D81AAE550700D4B9D1 /* ParseUI.framework */; };
		07E1FD8E1ACDA90200F619D0 /* UIColor+Invite.swift in Sources */ = {isa = PBXBuildFile; fileRef = 07E1FD8D1ACDA90200F619D0 /* UIColor+Invite.swift */; };
/* End PBXBuildFile section */

/* Begin PBXContainerItemProxy section */
		0732740A1A892BFB007700B3 /* PBXContainerItemProxy */ = {
			isa = PBXContainerItemProxy;
			containerPortal = 073273E51A892BFB007700B3 /* Project object */;
			proxyType = 1;
			remoteGlobalIDString = 073273EC1A892BFB007700B3;
			remoteInfo = Invite;
		};
/* End PBXContainerItemProxy section */

/* Begin PBXFileReference section */
		071F694B1A8C143F009A8380 /* DashboardViewController.h */ = {isa = PBXFileReference; fileEncoding = 4; lastKnownFileType = sourcecode.c.h; path = DashboardViewController.h; sourceTree = "<group>"; };
		071F694C1A8C143F009A8380 /* DashboardViewController.m */ = {isa = PBXFileReference; fileEncoding = 4; lastKnownFileType = sourcecode.c.objc; path = DashboardViewController.m; sourceTree = "<group>"; };
		071F694E1A8C1A3D009A8380 /* Localizable.strings */ = {isa = PBXFileReference; fileEncoding = 4; lastKnownFileType = text.plist.strings; path = Localizable.strings; sourceTree = "<group>"; };
		072463141A8BD3AA00820834 /* Bolts.framework */ = {isa = PBXFileReference; lastKnownFileType = wrapper.framework; path = Bolts.framework; sourceTree = "<group>"; };
		072463151A8BD3AA00820834 /* Parse.framework */ = {isa = PBXFileReference; lastKnownFileType = wrapper.framework; path = Parse.framework; sourceTree = "<group>"; };
		072463181A8BD3C400820834 /* AudioToolbox.framework */ = {isa = PBXFileReference; lastKnownFileType = wrapper.framework; name = AudioToolbox.framework; path = System/Library/Frameworks/AudioToolbox.framework; sourceTree = SDKROOT; };
		0724631A1A8BD3D000820834 /* CFNetwork.framework */ = {isa = PBXFileReference; lastKnownFileType = wrapper.framework; name = CFNetwork.framework; path = System/Library/Frameworks/CFNetwork.framework; sourceTree = SDKROOT; };
		0724631C1A8BD3D800820834 /* CoreGraphics.framework */ = {isa = PBXFileReference; lastKnownFileType = wrapper.framework; name = CoreGraphics.framework; path = System/Library/Frameworks/CoreGraphics.framework; sourceTree = SDKROOT; };
		0724631E1A8BD3E100820834 /* CoreLocation.framework */ = {isa = PBXFileReference; lastKnownFileType = wrapper.framework; name = CoreLocation.framework; path = System/Library/Frameworks/CoreLocation.framework; sourceTree = SDKROOT; };
		072463201A8BD3EB00820834 /* MobileCoreServices.framework */ = {isa = PBXFileReference; lastKnownFileType = wrapper.framework; name = MobileCoreServices.framework; path = System/Library/Frameworks/MobileCoreServices.framework; sourceTree = SDKROOT; };
		072463221A8BD3F300820834 /* QuartzCore.framework */ = {isa = PBXFileReference; lastKnownFileType = wrapper.framework; name = QuartzCore.framework; path = System/Library/Frameworks/QuartzCore.framework; sourceTree = SDKROOT; };
		072463241A8BD3FA00820834 /* Security.framework */ = {isa = PBXFileReference; lastKnownFileType = wrapper.framework; name = Security.framework; path = System/Library/Frameworks/Security.framework; sourceTree = SDKROOT; };
		072463261A8BD40300820834 /* StoreKit.framework */ = {isa = PBXFileReference; lastKnownFileType = wrapper.framework; name = StoreKit.framework; path = System/Library/Frameworks/StoreKit.framework; sourceTree = SDKROOT; };
		072463281A8BD40D00820834 /* SystemConfiguration.framework */ = {isa = PBXFileReference; lastKnownFileType = wrapper.framework; name = SystemConfiguration.framework; path = System/Library/Frameworks/SystemConfiguration.framework; sourceTree = SDKROOT; };
		0724632A1A8BD41900820834 /* libz.dylib */ = {isa = PBXFileReference; lastKnownFileType = "compiled.mach-o.dylib"; name = libz.dylib; path = usr/lib/libz.dylib; sourceTree = SDKROOT; };
		0724632C1A8BD42900820834 /* libsqlite3.dylib */ = {isa = PBXFileReference; lastKnownFileType = "compiled.mach-o.dylib"; name = libsqlite3.dylib; path = usr/lib/libsqlite3.dylib; sourceTree = SDKROOT; };
		0724632F1A8BD61A00820834 /* FacebookSDK.framework */ = {isa = PBXFileReference; lastKnownFileType = wrapper.framework; name = FacebookSDK.framework; path = ../../Documents/FacebookSDK/FacebookSDK.framework; sourceTree = "<group>"; };
		073273ED1A892BFB007700B3 /* Invite.app */ = {isa = PBXFileReference; explicitFileType = wrapper.application; includeInIndex = 0; path = Invite.app; sourceTree = BUILT_PRODUCTS_DIR; };
		073273F11A892BFB007700B3 /* Info.plist */ = {isa = PBXFileReference; lastKnownFileType = text.plist.xml; path = Info.plist; sourceTree = "<group>"; };
		073273F21A892BFB007700B3 /* main.m */ = {isa = PBXFileReference; lastKnownFileType = sourcecode.c.objc; path = main.m; sourceTree = "<group>"; };
		073273F41A892BFB007700B3 /* AppDelegate.h */ = {isa = PBXFileReference; lastKnownFileType = sourcecode.c.h; path = AppDelegate.h; sourceTree = "<group>"; };
		073273F51A892BFB007700B3 /* AppDelegate.m */ = {isa = PBXFileReference; lastKnownFileType = sourcecode.c.objc; path = AppDelegate.m; sourceTree = "<group>"; };
		073273F81A892BFB007700B3 /* Invite.xcdatamodel */ = {isa = PBXFileReference; lastKnownFileType = wrapper.xcdatamodel; path = Invite.xcdatamodel; sourceTree = "<group>"; };
		073273FA1A892BFB007700B3 /* LoginViewController.h */ = {isa = PBXFileReference; lastKnownFileType = sourcecode.c.h; path = LoginViewController.h; sourceTree = "<group>"; };
		073273FB1A892BFB007700B3 /* LoginViewController.m */ = {isa = PBXFileReference; lastKnownFileType = sourcecode.c.objc; path = LoginViewController.m; sourceTree = "<group>"; };
		073273FE1A892BFB007700B3 /* Base */ = {isa = PBXFileReference; lastKnownFileType = file.storyboard; name = Base; path = Base.lproj/Main.storyboard; sourceTree = "<group>"; };
		073274001A892BFB007700B3 /* Images.xcassets */ = {isa = PBXFileReference; lastKnownFileType = folder.assetcatalog; path = Images.xcassets; sourceTree = "<group>"; };
		073274031A892BFB007700B3 /* Base */ = {isa = PBXFileReference; lastKnownFileType = file.xib; name = Base; path = Base.lproj/LaunchScreen.xib; sourceTree = "<group>"; };
		073274091A892BFB007700B3 /* InviteTests.xctest */ = {isa = PBXFileReference; explicitFileType = wrapper.cfbundle; includeInIndex = 0; path = InviteTests.xctest; sourceTree = BUILT_PRODUCTS_DIR; };
		0732740E1A892BFB007700B3 /* Info.plist */ = {isa = PBXFileReference; lastKnownFileType = text.plist.xml; path = Info.plist; sourceTree = "<group>"; };
		0732740F1A892BFB007700B3 /* InviteTests.m */ = {isa = PBXFileReference; lastKnownFileType = sourcecode.c.objc; path = InviteTests.m; sourceTree = "<group>"; };
		073845161A969CFB00E2929A /* Timeframe.h */ = {isa = PBXFileReference; fileEncoding = 4; lastKnownFileType = sourcecode.c.h; path = Timeframe.h; sourceTree = "<group>"; };
		073845171A969CFB00E2929A /* Timeframe.m */ = {isa = PBXFileReference; fileEncoding = 4; lastKnownFileType = sourcecode.c.objc; path = Timeframe.m; sourceTree = "<group>"; };
		073845191A96A6A200E2929A /* TimeframeCollectionCell.h */ = {isa = PBXFileReference; fileEncoding = 4; lastKnownFileType = sourcecode.c.h; path = TimeframeCollectionCell.h; sourceTree = "<group>"; };
		0738451A1A96A6A200E2929A /* TimeframeCollectionCell.m */ = {isa = PBXFileReference; fileEncoding = 4; lastKnownFileType = sourcecode.c.objc; path = TimeframeCollectionCell.m; sourceTree = "<group>"; };
		074AA5911A9C353C009DC152 /* LaunchViewController.h */ = {isa = PBXFileReference; fileEncoding = 4; lastKnownFileType = sourcecode.c.h; path = LaunchViewController.h; sourceTree = "<group>"; };
		074AA5921A9C353C009DC152 /* LaunchViewController.m */ = {isa = PBXFileReference; fileEncoding = 4; lastKnownFileType = sourcecode.c.objc; path = LaunchViewController.m; sourceTree = "<group>"; };
		074FF55A1A965924000483FF /* TimeframeViewController.h */ = {isa = PBXFileReference; fileEncoding = 4; lastKnownFileType = sourcecode.c.h; path = TimeframeViewController.h; sourceTree = "<group>"; };
		074FF55B1A965924000483FF /* TimeframeViewController.m */ = {isa = PBXFileReference; fileEncoding = 4; lastKnownFileType = sourcecode.c.objc; path = TimeframeViewController.m; sourceTree = "<group>"; };
		075249E51ACB397C00D279DA /* InviteTheme.swift */ = {isa = PBXFileReference; fileEncoding = 4; lastKnownFileType = sourcecode.swift; path = InviteTheme.swift; sourceTree = "<group>"; };
		0755CE471A8D22E500FF05B7 /* User.h */ = {isa = PBXFileReference; fileEncoding = 4; lastKnownFileType = sourcecode.c.h; path = User.h; sourceTree = "<group>"; };
		0755CE481A8D22E500FF05B7 /* User.m */ = {isa = PBXFileReference; fileEncoding = 4; lastKnownFileType = sourcecode.c.objc; path = User.m; sourceTree = "<group>"; };
		075ED6261A994FEC0015F9E6 /* BusyDetails.h */ = {isa = PBXFileReference; fileEncoding = 4; lastKnownFileType = sourcecode.c.h; path = BusyDetails.h; sourceTree = "<group>"; };
		075ED6271A994FEC0015F9E6 /* BusyDetails.m */ = {isa = PBXFileReference; fileEncoding = 4; lastKnownFileType = sourcecode.c.objc; path = BusyDetails.m; sourceTree = "<group>"; };
		0775B0701A93BFB900C15303 /* InviteesViewController.h */ = {isa = PBXFileReference; fileEncoding = 4; lastKnownFileType = sourcecode.c.h; path = InviteesViewController.h; sourceTree = "<group>"; };
		0775B0711A93BFB900C15303 /* InviteesViewController.m */ = {isa = PBXFileReference; fileEncoding = 4; lastKnownFileType = sourcecode.c.objc; path = InviteesViewController.m; sourceTree = "<group>"; };
		0775B0731A93E6B000C15303 /* StringConstants.h */ = {isa = PBXFileReference; fileEncoding = 4; lastKnownFileType = sourcecode.c.h; path = StringConstants.h; sourceTree = "<group>"; };
		0786EB7B1A8E70ED006FDCA6 /* Event.h */ = {isa = PBXFileReference; fileEncoding = 4; lastKnownFileType = sourcecode.c.h; path = Event.h; sourceTree = "<group>"; };
		0786EB7C1A8E70ED006FDCA6 /* Event.m */ = {isa = PBXFileReference; fileEncoding = 4; lastKnownFileType = sourcecode.c.objc; path = Event.m; sourceTree = "<group>"; };
		078924731AB36DCE005EE7FB /* MapKit.framework */ = {isa = PBXFileReference; lastKnownFileType = wrapper.framework; name = MapKit.framework; path = System/Library/Frameworks/MapKit.framework; sourceTree = SDKROOT; };
		07A1DBB31AABBE9800CABF89 /* EventEditCell.h */ = {isa = PBXFileReference; fileEncoding = 4; lastKnownFileType = sourcecode.c.h; path = EventEditCell.h; sourceTree = "<group>"; };
		07A1DBB41AABBE9800CABF89 /* EventEditCell.m */ = {isa = PBXFileReference; fileEncoding = 4; lastKnownFileType = sourcecode.c.objc; path = EventEditCell.m; sourceTree = "<group>"; };
		07B65A321AA4D81700A6F1A2 /* TimeframeCollectionLayout.h */ = {isa = PBXFileReference; fileEncoding = 4; lastKnownFileType = sourcecode.c.h; path = TimeframeCollectionLayout.h; sourceTree = "<group>"; };
		07B65A331AA4D81700A6F1A2 /* TimeframeCollectionLayout.m */ = {isa = PBXFileReference; fileEncoding = 4; lastKnownFileType = sourcecode.c.objc; path = TimeframeCollectionLayout.m; sourceTree = "<group>"; };
		07B8EE4F1AAA2F17002B9962 /* EventViewController.h */ = {isa = PBXFileReference; fileEncoding = 4; lastKnownFileType = sourcecode.c.h; path = EventViewController.h; sourceTree = "<group>"; };
		07B8EE501AAA2F17002B9962 /* EventViewController.m */ = {isa = PBXFileReference; fileEncoding = 4; lastKnownFileType = sourcecode.c.objc; path = EventViewController.m; sourceTree = "<group>"; };
		07B8EE531AAA326F002B9962 /* EventRSVPCell.h */ = {isa = PBXFileReference; fileEncoding = 4; lastKnownFileType = sourcecode.c.h; path = EventRSVPCell.h; sourceTree = "<group>"; };
		07B8EE541AAA326F002B9962 /* EventRSVPCell.m */ = {isa = PBXFileReference; fileEncoding = 4; lastKnownFileType = sourcecode.c.objc; path = EventRSVPCell.m; sourceTree = "<group>"; };
		07B8EE561AAA5ADF002B9962 /* EventTextCell.h */ = {isa = PBXFileReference; fileEncoding = 4; lastKnownFileType = sourcecode.c.h; path = EventTextCell.h; sourceTree = "<group>"; };
		07B8EE571AAA5ADF002B9962 /* EventTextCell.m */ = {isa = PBXFileReference; fileEncoding = 4; lastKnownFileType = sourcecode.c.objc; path = EventTextCell.m; sourceTree = "<group>"; };
		07BC8E381ACB13EB0050C4E9 /* ProfileImageView.swift */ = {isa = PBXFileReference; fileEncoding = 4; lastKnownFileType = sourcecode.swift; path = ProfileImageView.swift; sourceTree = "<group>"; };
		07BC8E3B1ACB29CE0050C4E9 /* DashboardEventCell.swift */ = {isa = PBXFileReference; fileEncoding = 4; lastKnownFileType = sourcecode.swift; path = DashboardEventCell.swift; sourceTree = "<group>"; };
		07C2098C1A8C2159002B3961 /* en */ = {isa = PBXFileReference; lastKnownFileType = text.plist.strings; name = en; path = en.lproj/Main.strings; sourceTree = "<group>"; };
		07DDBF201AC7ACC50058E1CA /* Invite-Bridging-Header.h */ = {isa = PBXFileReference; lastKnownFileType = sourcecode.c.h; path = "Invite-Bridging-Header.h"; sourceTree = "<group>"; };
		07DDBF211AC7ACC60058E1CA /* LocationSavedViewController.swift */ = {isa = PBXFileReference; fileEncoding = 4; lastKnownFileType = sourcecode.swift; path = LocationSavedViewController.swift; sourceTree = "<group>"; };
		07DDBF231AC7B4090058E1CA /* LocationAnnotation.xib */ = {isa = PBXFileReference; fileEncoding = 4; lastKnownFileType = file.xib; path = LocationAnnotation.xib; sourceTree = "<group>"; };
		07DDBF251AC7BEDA0058E1CA /* LocationNewViewController.swift */ = {isa = PBXFileReference; fileEncoding = 4; lastKnownFileType = sourcecode.swift; path = LocationNewViewController.swift; sourceTree = "<group>"; };
		07DDBF271AC7D12A0058E1CA /* LocationResultsViewController.swift */ = {isa = PBXFileReference; fileEncoding = 4; lastKnownFileType = sourcecode.swift; path = LocationResultsViewController.swift; sourceTree = "<group>"; };
		07DDBF301ACB096B0058E1CA /* GooglePlacesAutocomplete.swift */ = {isa = PBXFileReference; fileEncoding = 4; lastKnownFileType = sourcecode.swift; path = GooglePlacesAutocomplete.swift; sourceTree = "<group>"; };
		07DDBF311ACB096B0058E1CA /* GooglePlacesAutocomplete.xib */ = {isa = PBXFileReference; fileEncoding = 4; lastKnownFileType = file.xib; path = GooglePlacesAutocomplete.xib; sourceTree = "<group>"; };
		07E1D0D81AAE550700D4B9D1 /* ParseUI.framework */ = {isa = PBXFileReference; lastKnownFileType = wrapper.framework; name = ParseUI.framework; path = "../../Downloads/parse-library-1/ParseUI.framework"; sourceTree = "<group>"; };
		07E1FD8D1ACDA90200F619D0 /* UIColor+Invite.swift */ = {isa = PBXFileReference; fileEncoding = 4; lastKnownFileType = sourcecode.swift; path = "UIColor+Invite.swift"; sourceTree = "<group>"; };
/* End PBXFileReference section */

/* Begin PBXFrameworksBuildPhase section */
		073273EA1A892BFB007700B3 /* Frameworks */ = {
			isa = PBXFrameworksBuildPhase;
			buildActionMask = 2147483647;
			files = (
				078924741AB36DCE005EE7FB /* MapKit.framework in Frameworks */,
				07E1D0D91AAE550700D4B9D1 /* ParseUI.framework in Frameworks */,
				0724632D1A8BD42900820834 /* libsqlite3.dylib in Frameworks */,
				0724632B1A8BD41900820834 /* libz.dylib in Frameworks */,
				072463291A8BD40D00820834 /* SystemConfiguration.framework in Frameworks */,
				072463271A8BD40300820834 /* StoreKit.framework in Frameworks */,
				072463251A8BD3FA00820834 /* Security.framework in Frameworks */,
				072463231A8BD3F300820834 /* QuartzCore.framework in Frameworks */,
				072463211A8BD3EB00820834 /* MobileCoreServices.framework in Frameworks */,
				0724631F1A8BD3E100820834 /* CoreLocation.framework in Frameworks */,
				0724631D1A8BD3D800820834 /* CoreGraphics.framework in Frameworks */,
				0724631B1A8BD3D000820834 /* CFNetwork.framework in Frameworks */,
				072463191A8BD3C400820834 /* AudioToolbox.framework in Frameworks */,
				072463171A8BD3AA00820834 /* Parse.framework in Frameworks */,
				072463161A8BD3AA00820834 /* Bolts.framework in Frameworks */,
				072463301A8BD61A00820834 /* FacebookSDK.framework in Frameworks */,
			);
			runOnlyForDeploymentPostprocessing = 0;
		};
		073274061A892BFB007700B3 /* Frameworks */ = {
			isa = PBXFrameworksBuildPhase;
			buildActionMask = 2147483647;
			files = (
			);
			runOnlyForDeploymentPostprocessing = 0;
		};
/* End PBXFrameworksBuildPhase section */

/* Begin PBXGroup section */
		0724632E1A8BD44200820834 /* Frameworks */ = {
			isa = PBXGroup;
			children = (
				078924731AB36DCE005EE7FB /* MapKit.framework */,
				07E1D0D81AAE550700D4B9D1 /* ParseUI.framework */,
				0724632F1A8BD61A00820834 /* FacebookSDK.framework */,
				0724632C1A8BD42900820834 /* libsqlite3.dylib */,
				0724632A1A8BD41900820834 /* libz.dylib */,
				072463281A8BD40D00820834 /* SystemConfiguration.framework */,
				072463261A8BD40300820834 /* StoreKit.framework */,
				072463241A8BD3FA00820834 /* Security.framework */,
				072463221A8BD3F300820834 /* QuartzCore.framework */,
				072463201A8BD3EB00820834 /* MobileCoreServices.framework */,
				0724631E1A8BD3E100820834 /* CoreLocation.framework */,
				0724631C1A8BD3D800820834 /* CoreGraphics.framework */,
				0724631A1A8BD3D000820834 /* CFNetwork.framework */,
				072463181A8BD3C400820834 /* AudioToolbox.framework */,
				072463141A8BD3AA00820834 /* Bolts.framework */,
				072463151A8BD3AA00820834 /* Parse.framework */,
			);
			name = Frameworks;
			sourceTree = "<group>";
		};
		073273E41A892BFB007700B3 = {
			isa = PBXGroup;
			children = (
				073273EF1A892BFB007700B3 /* Invite */,
				0732740C1A892BFB007700B3 /* InviteTests */,
				073273EE1A892BFB007700B3 /* Products */,
				0724632E1A8BD44200820834 /* Frameworks */,
			);
			sourceTree = "<group>";
		};
		073273EE1A892BFB007700B3 /* Products */ = {
			isa = PBXGroup;
			children = (
				073273ED1A892BFB007700B3 /* Invite.app */,
				073274091A892BFB007700B3 /* InviteTests.xctest */,
			);
			name = Products;
			sourceTree = "<group>";
		};
		073273EF1A892BFB007700B3 /* Invite */ = {
			isa = PBXGroup;
			children = (
				073273F41A892BFB007700B3 /* AppDelegate.h */,
				073273F51A892BFB007700B3 /* AppDelegate.m */,
				0775B0731A93E6B000C15303 /* StringConstants.h */,
				07DDBF201AC7ACC50058E1CA /* Invite-Bridging-Header.h */,
				075249E51ACB397C00D279DA /* InviteTheme.swift */,
				07E1FD8D1ACDA90200F619D0 /* UIColor+Invite.swift */,
				07BC8E3A1ACB13EF0050C4E9 /* Views */,
				07DDBF2E1ACB096B0058E1CA /* GooglePlacesAutocomplete */,
				078924701AB369C5005EE7FB /* Launch */,
				078924711AB369CE005EE7FB /* Login */,
				07D01A321A9A9D5E00860650 /* Dashboard */,
				07D01A331A9A9D7900860650 /* Invitees */,
				07A313291A96AA410066EE3E /* Timeframe */,
				078924721AB369DC005EE7FB /* Location */,
				07B8EE521AAA2F22002B9962 /* Event */,
				07D01A341A9A9E7500860650 /* Model */,
				073273FD1A892BFB007700B3 /* Main.storyboard */,
				071F694E1A8C1A3D009A8380 /* Localizable.strings */,
				073274001A892BFB007700B3 /* Images.xcassets */,
				073274021A892BFB007700B3 /* LaunchScreen.xib */,
				073273F71A892BFB007700B3 /* Invite.xcdatamodeld */,
				073273F01A892BFB007700B3 /* Supporting Files */,
			);
			path = Invite;
			sourceTree = "<group>";
		};
		073273F01A892BFB007700B3 /* Supporting Files */ = {
			isa = PBXGroup;
			children = (
				073273F11A892BFB007700B3 /* Info.plist */,
				073273F21A892BFB007700B3 /* main.m */,
			);
			name = "Supporting Files";
			sourceTree = "<group>";
		};
		0732740C1A892BFB007700B3 /* InviteTests */ = {
			isa = PBXGroup;
			children = (
				0732740F1A892BFB007700B3 /* InviteTests.m */,
				0732740D1A892BFB007700B3 /* Supporting Files */,
			);
			path = InviteTests;
			sourceTree = "<group>";
		};
		0732740D1A892BFB007700B3 /* Supporting Files */ = {
			isa = PBXGroup;
			children = (
				0732740E1A892BFB007700B3 /* Info.plist */,
			);
			name = "Supporting Files";
			sourceTree = "<group>";
		};
		078924701AB369C5005EE7FB /* Launch */ = {
			isa = PBXGroup;
			children = (
				074AA5911A9C353C009DC152 /* LaunchViewController.h */,
				074AA5921A9C353C009DC152 /* LaunchViewController.m */,
			);
			name = Launch;
			sourceTree = "<group>";
		};
		078924711AB369CE005EE7FB /* Login */ = {
			isa = PBXGroup;
			children = (
				073273FA1A892BFB007700B3 /* LoginViewController.h */,
				073273FB1A892BFB007700B3 /* LoginViewController.m */,
			);
			name = Login;
			sourceTree = "<group>";
		};
		078924721AB369DC005EE7FB /* Location */ = {
			isa = PBXGroup;
			children = (
				07DDBF211AC7ACC60058E1CA /* LocationSavedViewController.swift */,
				07DDBF251AC7BEDA0058E1CA /* LocationNewViewController.swift */,
				07DDBF271AC7D12A0058E1CA /* LocationResultsViewController.swift */,
				07DDBF231AC7B4090058E1CA /* LocationAnnotation.xib */,
			);
			name = Location;
			sourceTree = "<group>";
		};
		07A313291A96AA410066EE3E /* Timeframe */ = {
			isa = PBXGroup;
			children = (
				074FF55A1A965924000483FF /* TimeframeViewController.h */,
				074FF55B1A965924000483FF /* TimeframeViewController.m */,
				073845191A96A6A200E2929A /* TimeframeCollectionCell.h */,
				0738451A1A96A6A200E2929A /* TimeframeCollectionCell.m */,
				07B65A321AA4D81700A6F1A2 /* TimeframeCollectionLayout.h */,
				07B65A331AA4D81700A6F1A2 /* TimeframeCollectionLayout.m */,
			);
			name = Timeframe;
			sourceTree = "<group>";
		};
		07B8EE521AAA2F22002B9962 /* Event */ = {
			isa = PBXGroup;
			children = (
				07B8EE4F1AAA2F17002B9962 /* EventViewController.h */,
				07B8EE501AAA2F17002B9962 /* EventViewController.m */,
				07B8EE561AAA5ADF002B9962 /* EventTextCell.h */,
				07B8EE571AAA5ADF002B9962 /* EventTextCell.m */,
				07B8EE531AAA326F002B9962 /* EventRSVPCell.h */,
				07B8EE541AAA326F002B9962 /* EventRSVPCell.m */,
				07A1DBB31AABBE9800CABF89 /* EventEditCell.h */,
				07A1DBB41AABBE9800CABF89 /* EventEditCell.m */,
			);
			name = Event;
			sourceTree = "<group>";
		};
		07BC8E3A1ACB13EF0050C4E9 /* Views */ = {
			isa = PBXGroup;
			children = (
				07BC8E381ACB13EB0050C4E9 /* ProfileImageView.swift */,
			);
			name = Views;
			sourceTree = "<group>";
		};
		07D01A321A9A9D5E00860650 /* Dashboard */ = {
			isa = PBXGroup;
			children = (
				071F694B1A8C143F009A8380 /* DashboardViewController.h */,
				071F694C1A8C143F009A8380 /* DashboardViewController.m */,
				07BC8E3B1ACB29CE0050C4E9 /* DashboardEventCell.swift */,
			);
			name = Dashboard;
			sourceTree = "<group>";
		};
		07D01A331A9A9D7900860650 /* Invitees */ = {
			isa = PBXGroup;
			children = (
				0775B0701A93BFB900C15303 /* InviteesViewController.h */,
				0775B0711A93BFB900C15303 /* InviteesViewController.m */,
			);
			name = Invitees;
			sourceTree = "<group>";
		};
		07D01A341A9A9E7500860650 /* Model */ = {
			isa = PBXGroup;
			children = (
				0755CE471A8D22E500FF05B7 /* User.h */,
				0755CE481A8D22E500FF05B7 /* User.m */,
				0786EB7B1A8E70ED006FDCA6 /* Event.h */,
				0786EB7C1A8E70ED006FDCA6 /* Event.m */,
				075ED6261A994FEC0015F9E6 /* BusyDetails.h */,
				075ED6271A994FEC0015F9E6 /* BusyDetails.m */,
				073845161A969CFB00E2929A /* Timeframe.h */,
				073845171A969CFB00E2929A /* Timeframe.m */,
			);
			name = Model;
			sourceTree = "<group>";
		};
		07DDBF2E1ACB096B0058E1CA /* GooglePlacesAutocomplete */ = {
			isa = PBXGroup;
			children = (
				07DDBF301ACB096B0058E1CA /* GooglePlacesAutocomplete.swift */,
				07DDBF311ACB096B0058E1CA /* GooglePlacesAutocomplete.xib */,
			);
			path = GooglePlacesAutocomplete;
			sourceTree = "<group>";
		};
/* End PBXGroup section */

/* Begin PBXNativeTarget section */
		073273EC1A892BFB007700B3 /* Invite */ = {
			isa = PBXNativeTarget;
			buildConfigurationList = 073274131A892BFB007700B3 /* Build configuration list for PBXNativeTarget "Invite" */;
			buildPhases = (
				073273E91A892BFB007700B3 /* Sources */,
				073273EA1A892BFB007700B3 /* Frameworks */,
				073273EB1A892BFB007700B3 /* Resources */,
			);
			buildRules = (
			);
			dependencies = (
			);
			name = Invite;
			productName = Invite;
			productReference = 073273ED1A892BFB007700B3 /* Invite.app */;
			productType = "com.apple.product-type.application";
		};
		073274081A892BFB007700B3 /* InviteTests */ = {
			isa = PBXNativeTarget;
			buildConfigurationList = 073274161A892BFB007700B3 /* Build configuration list for PBXNativeTarget "InviteTests" */;
			buildPhases = (
				073274051A892BFB007700B3 /* Sources */,
				073274061A892BFB007700B3 /* Frameworks */,
				073274071A892BFB007700B3 /* Resources */,
			);
			buildRules = (
			);
			dependencies = (
				0732740B1A892BFB007700B3 /* PBXTargetDependency */,
			);
			name = InviteTests;
			productName = InviteTests;
			productReference = 073274091A892BFB007700B3 /* InviteTests.xctest */;
			productType = "com.apple.product-type.bundle.unit-test";
		};
/* End PBXNativeTarget section */

/* Begin PBXProject section */
		073273E51A892BFB007700B3 /* Project object */ = {
			isa = PBXProject;
			attributes = {
				LastUpgradeCheck = 0620;
				ORGANIZATIONNAME = Appuous;
				TargetAttributes = {
					073273EC1A892BFB007700B3 = {
						CreatedOnToolsVersion = 6.2;
						DevelopmentTeam = ALEG5397F7;
					};
					073274081A892BFB007700B3 = {
						CreatedOnToolsVersion = 6.2;
						TestTargetID = 073273EC1A892BFB007700B3;
					};
				};
			};
			buildConfigurationList = 073273E81A892BFB007700B3 /* Build configuration list for PBXProject "Invite" */;
			compatibilityVersion = "Xcode 3.2";
			developmentRegion = English;
			hasScannedForEncodings = 0;
			knownRegions = (
				en,
				Base,
			);
			mainGroup = 073273E41A892BFB007700B3;
			productRefGroup = 073273EE1A892BFB007700B3 /* Products */;
			projectDirPath = "";
			projectRoot = "";
			targets = (
				073273EC1A892BFB007700B3 /* Invite */,
				073274081A892BFB007700B3 /* InviteTests */,
			);
		};
/* End PBXProject section */

/* Begin PBXResourcesBuildPhase section */
		073273EB1A892BFB007700B3 /* Resources */ = {
			isa = PBXResourcesBuildPhase;
			buildActionMask = 2147483647;
			files = (
				07DDBF351ACB096B0058E1CA /* GooglePlacesAutocomplete.xib in Resources */,
				073273FF1A892BFB007700B3 /* Main.storyboard in Resources */,
				071F694F1A8C1A3D009A8380 /* Localizable.strings in Resources */,
				073274041A892BFB007700B3 /* LaunchScreen.xib in Resources */,
				073274011A892BFB007700B3 /* Images.xcassets in Resources */,
				07DDBF241AC7B4090058E1CA /* LocationAnnotation.xib in Resources */,
			);
			runOnlyForDeploymentPostprocessing = 0;
		};
		073274071A892BFB007700B3 /* Resources */ = {
			isa = PBXResourcesBuildPhase;
			buildActionMask = 2147483647;
			files = (
			);
			runOnlyForDeploymentPostprocessing = 0;
		};
/* End PBXResourcesBuildPhase section */

/* Begin PBXSourcesBuildPhase section */
		073273E91A892BFB007700B3 /* Sources */ = {
			isa = PBXSourcesBuildPhase;
			buildActionMask = 2147483647;
			files = (
				07BC8E391ACB13EB0050C4E9 /* ProfileImageView.swift in Sources */,
				0755CE491A8D22E500FF05B7 /* User.m in Sources */,
				07B8EE511AAA2F17002B9962 /* EventViewController.m in Sources */,
				0775B0721A93BFB900C15303 /* InviteesViewController.m in Sources */,
				07B65A341AA4D81700A6F1A2 /* TimeframeCollectionLayout.m in Sources */,
				074FF55C1A965924000483FF /* TimeframeViewController.m in Sources */,
				0738451B1A96A6A200E2929A /* TimeframeCollectionCell.m in Sources */,
				07DDBF281AC7D12A0058E1CA /* LocationResultsViewController.swift in Sources */,
				07DDBF341ACB096B0058E1CA /* GooglePlacesAutocomplete.swift in Sources */,
				07A1DBB51AABBE9800CABF89 /* EventEditCell.m in Sources */,
				071F694D1A8C143F009A8380 /* DashboardViewController.m in Sources */,
				073273F61A892BFB007700B3 /* AppDelegate.m in Sources */,
				07E1FD8E1ACDA90200F619D0 /* UIColor+Invite.swift in Sources */,
				075249E61ACB397C00D279DA /* InviteTheme.swift in Sources */,
				073273F31A892BFB007700B3 /* main.m in Sources */,
				0786EB7D1A8E70ED006FDCA6 /* Event.m in Sources */,
				073273FC1A892BFB007700B3 /* LoginViewController.m in Sources */,
				074AA5931A9C353C009DC152 /* LaunchViewController.m in Sources */,
				073845181A969CFB00E2929A /* Timeframe.m in Sources */,
				07DDBF221AC7ACC60058E1CA /* LocationSavedViewController.swift in Sources */,
				075ED6281A994FEC0015F9E6 /* BusyDetails.m in Sources */,
				07DDBF261AC7BEDA0058E1CA /* LocationNewViewController.swift in Sources */,
				07B8EE551AAA326F002B9962 /* EventRSVPCell.m in Sources */,
				07BC8E3C1ACB29CE0050C4E9 /* DashboardEventCell.swift in Sources */,
				073273F91A892BFB007700B3 /* Invite.xcdatamodeld in Sources */,
				07B8EE581AAA5ADF002B9962 /* EventTextCell.m in Sources */,
			);
			runOnlyForDeploymentPostprocessing = 0;
		};
		073274051A892BFB007700B3 /* Sources */ = {
			isa = PBXSourcesBuildPhase;
			buildActionMask = 2147483647;
			files = (
				073274101A892BFB007700B3 /* InviteTests.m in Sources */,
			);
			runOnlyForDeploymentPostprocessing = 0;
		};
/* End PBXSourcesBuildPhase section */

/* Begin PBXTargetDependency section */
		0732740B1A892BFB007700B3 /* PBXTargetDependency */ = {
			isa = PBXTargetDependency;
			target = 073273EC1A892BFB007700B3 /* Invite */;
			targetProxy = 0732740A1A892BFB007700B3 /* PBXContainerItemProxy */;
		};
/* End PBXTargetDependency section */

/* Begin PBXVariantGroup section */
		073273FD1A892BFB007700B3 /* Main.storyboard */ = {
			isa = PBXVariantGroup;
			children = (
				073273FE1A892BFB007700B3 /* Base */,
				07C2098C1A8C2159002B3961 /* en */,
			);
			name = Main.storyboard;
			sourceTree = "<group>";
		};
		073274021A892BFB007700B3 /* LaunchScreen.xib */ = {
			isa = PBXVariantGroup;
			children = (
				073274031A892BFB007700B3 /* Base */,
			);
			name = LaunchScreen.xib;
			sourceTree = "<group>";
		};
/* End PBXVariantGroup section */

/* Begin XCBuildConfiguration section */
		073274111A892BFB007700B3 /* Debug */ = {
			isa = XCBuildConfiguration;
			buildSettings = {
				ALWAYS_SEARCH_USER_PATHS = NO;
				CLANG_CXX_LANGUAGE_STANDARD = "gnu++0x";
				CLANG_CXX_LIBRARY = "libc++";
				CLANG_ENABLE_MODULES = YES;
				CLANG_ENABLE_OBJC_ARC = YES;
				CLANG_WARN_BOOL_CONVERSION = YES;
				CLANG_WARN_CONSTANT_CONVERSION = YES;
				CLANG_WARN_DIRECT_OBJC_ISA_USAGE = YES_ERROR;
				CLANG_WARN_EMPTY_BODY = YES;
				CLANG_WARN_ENUM_CONVERSION = YES;
				CLANG_WARN_INT_CONVERSION = YES;
				CLANG_WARN_OBJC_ROOT_CLASS = YES_ERROR;
				CLANG_WARN_UNREACHABLE_CODE = YES;
				CLANG_WARN__DUPLICATE_METHOD_MATCH = YES;
				CODE_SIGN_IDENTITY = "iPhone Developer";
				"CODE_SIGN_IDENTITY[sdk=iphoneos*]" = "iPhone Developer";
				COPY_PHASE_STRIP = NO;
				ENABLE_STRICT_OBJC_MSGSEND = YES;
				GCC_C_LANGUAGE_STANDARD = gnu99;
				GCC_DYNAMIC_NO_PIC = NO;
				GCC_OPTIMIZATION_LEVEL = 0;
				GCC_PREPROCESSOR_DEFINITIONS = (
					"DEBUG=1",
					"$(inherited)",
				);
				GCC_SYMBOLS_PRIVATE_EXTERN = NO;
				GCC_WARN_64_TO_32_BIT_CONVERSION = YES;
				GCC_WARN_ABOUT_RETURN_TYPE = YES_ERROR;
				GCC_WARN_UNDECLARED_SELECTOR = YES;
				GCC_WARN_UNINITIALIZED_AUTOS = YES_AGGRESSIVE;
				GCC_WARN_UNUSED_FUNCTION = YES;
				GCC_WARN_UNUSED_VARIABLE = YES;
				IPHONEOS_DEPLOYMENT_TARGET = 8.2;
				MTL_ENABLE_DEBUG_INFO = YES;
				ONLY_ACTIVE_ARCH = YES;
				SDKROOT = iphoneos;
			};
			name = Debug;
		};
		073274121A892BFB007700B3 /* Release */ = {
			isa = XCBuildConfiguration;
			buildSettings = {
				ALWAYS_SEARCH_USER_PATHS = NO;
				CLANG_CXX_LANGUAGE_STANDARD = "gnu++0x";
				CLANG_CXX_LIBRARY = "libc++";
				CLANG_ENABLE_MODULES = YES;
				CLANG_ENABLE_OBJC_ARC = YES;
				CLANG_WARN_BOOL_CONVERSION = YES;
				CLANG_WARN_CONSTANT_CONVERSION = YES;
				CLANG_WARN_DIRECT_OBJC_ISA_USAGE = YES_ERROR;
				CLANG_WARN_EMPTY_BODY = YES;
				CLANG_WARN_ENUM_CONVERSION = YES;
				CLANG_WARN_INT_CONVERSION = YES;
				CLANG_WARN_OBJC_ROOT_CLASS = YES_ERROR;
				CLANG_WARN_UNREACHABLE_CODE = YES;
				CLANG_WARN__DUPLICATE_METHOD_MATCH = YES;
				CODE_SIGN_IDENTITY = "iPhone Developer";
				"CODE_SIGN_IDENTITY[sdk=iphoneos*]" = "iPhone Developer";
				COPY_PHASE_STRIP = NO;
				ENABLE_NS_ASSERTIONS = NO;
				ENABLE_STRICT_OBJC_MSGSEND = YES;
				GCC_C_LANGUAGE_STANDARD = gnu99;
				GCC_WARN_64_TO_32_BIT_CONVERSION = YES;
				GCC_WARN_ABOUT_RETURN_TYPE = YES_ERROR;
				GCC_WARN_UNDECLARED_SELECTOR = YES;
				GCC_WARN_UNINITIALIZED_AUTOS = YES_AGGRESSIVE;
				GCC_WARN_UNUSED_FUNCTION = YES;
				GCC_WARN_UNUSED_VARIABLE = YES;
				IPHONEOS_DEPLOYMENT_TARGET = 8.2;
				MTL_ENABLE_DEBUG_INFO = NO;
				SDKROOT = iphoneos;
				VALIDATE_PRODUCT = YES;
			};
			name = Release;
		};
		073274141A892BFB007700B3 /* Debug */ = {
			isa = XCBuildConfiguration;
			buildSettings = {
				ASSETCATALOG_COMPILER_APPICON_NAME = AppIcon;
				CLANG_ENABLE_MODULES = YES;
				CODE_SIGN_IDENTITY = "iPhone Developer";
				"CODE_SIGN_IDENTITY[sdk=iphoneos*]" = "iPhone Developer";
				DEFINES_MODULE = YES;
				EMBEDDED_CONTENT_CONTAINS_SWIFT = YES;
				FRAMEWORK_SEARCH_PATHS = (
					"$(inherited)",
					"/Users/rjennings/Downloads/parse-library-1",
					"$(PROJECT_DIR)",
					/Users/rjennings/Documents/FacebookSDK,
				);
				INFOPLIST_FILE = Invite/Info.plist;
				IPHONEOS_DEPLOYMENT_TARGET = 8.0;
				LD_RUNPATH_SEARCH_PATHS = "$(inherited) @executable_path/Frameworks";
				OTHER_LDFLAGS = "";
				PRODUCT_NAME = "$(TARGET_NAME)";
				PROVISIONING_PROFILE = "";
				SWIFT_OBJC_BRIDGING_HEADER = "Invite/Invite-Bridging-Header.h";
				SWIFT_OPTIMIZATION_LEVEL = "-Onone";
				TARGETED_DEVICE_FAMILY = "1,2";
			};
			name = Debug;
		};
		073274151A892BFB007700B3 /* Release */ = {
			isa = XCBuildConfiguration;
			buildSettings = {
				ASSETCATALOG_COMPILER_APPICON_NAME = AppIcon;
				CLANG_ENABLE_MODULES = YES;
				CODE_SIGN_IDENTITY = "iPhone Developer";
				"CODE_SIGN_IDENTITY[sdk=iphoneos*]" = "iPhone Developer";
				DEFINES_MODULE = YES;
				EMBEDDED_CONTENT_CONTAINS_SWIFT = YES;
				FRAMEWORK_SEARCH_PATHS = (
					"$(inherited)",
					"/Users/rjennings/Downloads/parse-library-1",
					"$(PROJECT_DIR)",
					/Users/rjennings/Documents/FacebookSDK,
				);
				INFOPLIST_FILE = Invite/Info.plist;
				IPHONEOS_DEPLOYMENT_TARGET = 8.0;
				LD_RUNPATH_SEARCH_PATHS = "$(inherited) @executable_path/Frameworks";
				OTHER_LDFLAGS = "";
				PRODUCT_NAME = "$(TARGET_NAME)";
				PROVISIONING_PROFILE = "";
				SWIFT_OBJC_BRIDGING_HEADER = "Invite/Invite-Bridging-Header.h";
				TARGETED_DEVICE_FAMILY = "1,2";
			};
			name = Release;
		};
		073274171A892BFB007700B3 /* Debug */ = {
			isa = XCBuildConfiguration;
			buildSettings = {
				BUNDLE_LOADER = "$(TEST_HOST)";
				FRAMEWORK_SEARCH_PATHS = (
					"$(SDKROOT)/Developer/Library/Frameworks",
					"$(inherited)",
				);
				GCC_PREPROCESSOR_DEFINITIONS = (
					"DEBUG=1",
					"$(inherited)",
				);
				INFOPLIST_FILE = InviteTests/Info.plist;
				LD_RUNPATH_SEARCH_PATHS = "$(inherited) @executable_path/Frameworks @loader_path/Frameworks";
				PRODUCT_NAME = "$(TARGET_NAME)";
				TEST_HOST = "$(BUILT_PRODUCTS_DIR)/Invite.app/Invite";
			};
			name = Debug;
		};
		073274181A892BFB007700B3 /* Release */ = {
			isa = XCBuildConfiguration;
			buildSettings = {
				BUNDLE_LOADER = "$(TEST_HOST)";
				FRAMEWORK_SEARCH_PATHS = (
					"$(SDKROOT)/Developer/Library/Frameworks",
					"$(inherited)",
				);
				INFOPLIST_FILE = InviteTests/Info.plist;
				LD_RUNPATH_SEARCH_PATHS = "$(inherited) @executable_path/Frameworks @loader_path/Frameworks";
				PRODUCT_NAME = "$(TARGET_NAME)";
				TEST_HOST = "$(BUILT_PRODUCTS_DIR)/Invite.app/Invite";
			};
			name = Release;
		};
/* End XCBuildConfiguration section */

/* Begin XCConfigurationList section */
		073273E81A892BFB007700B3 /* Build configuration list for PBXProject "Invite" */ = {
			isa = XCConfigurationList;
			buildConfigurations = (
				073274111A892BFB007700B3 /* Debug */,
				073274121A892BFB007700B3 /* Release */,
			);
			defaultConfigurationIsVisible = 0;
			defaultConfigurationName = Release;
		};
		073274131A892BFB007700B3 /* Build configuration list for PBXNativeTarget "Invite" */ = {
			isa = XCConfigurationList;
			buildConfigurations = (
				073274141A892BFB007700B3 /* Debug */,
				073274151A892BFB007700B3 /* Release */,
			);
			defaultConfigurationIsVisible = 0;
			defaultConfigurationName = Release;
		};
		073274161A892BFB007700B3 /* Build configuration list for PBXNativeTarget "InviteTests" */ = {
			isa = XCConfigurationList;
			buildConfigurations = (
				073274171A892BFB007700B3 /* Debug */,
				073274181A892BFB007700B3 /* Release */,
			);
			defaultConfigurationIsVisible = 0;
			defaultConfigurationName = Release;
		};
/* End XCConfigurationList section */

/* Begin XCVersionGroup section */
		073273F71A892BFB007700B3 /* Invite.xcdatamodeld */ = {
			isa = XCVersionGroup;
			children = (
				073273F81A892BFB007700B3 /* Invite.xcdatamodel */,
			);
			currentVersion = 073273F81A892BFB007700B3 /* Invite.xcdatamodel */;
			path = Invite.xcdatamodeld;
			sourceTree = "<group>";
			versionGroupType = wrapper.xcdatamodel;
		};
/* End XCVersionGroup section */
	};
	rootObject = 073273E51A892BFB007700B3 /* Project object */;
}
